lockfileVersion: 5.3

specifiers:
  '@biomejs/biome': 2.2.3
  '@rsbuild/core': ^1.5.17
  '@rsbuild/plugin-react': ^1.4.1
  '@rslib/core': ^0.16.1
  chalk: ^5.6.2
  commander: ^14.0.2
  execa: ^9.6.0
  fs-extra: ^11.3.2
  inquirer: ^12.10.0
  ora: '8'

dependencies:
  '@rsbuild/core': 1.5.17
  '@rsbuild/plugin-react': 1.4.1_@rsbuild+core@1.5.17
  chalk: 5.6.2
  commander: 14.0.2
  execa: 9.6.0
  fs-extra: 11.3.2
  inquirer: 12.10.0
  ora: 8.2.0

devDependencies:
  '@biomejs/biome': 2.2.3
  '@rslib/core': 0.16.1

packages:

  /@ast-grep/napi-darwin-arm64/0.37.0:
    resolution: {integrity: sha512-QAiIiaAbLvMEg/yBbyKn+p1gX2/FuaC0SMf7D7capm/oG4xGMzdeaQIcSosF4TCxxV+hIH4Bz9e4/u7w6Bnk3Q==}
    engines: {node: '>= 10'}
    cpu: [arm64]
    os: [darwin]
    requiresBuild: true
    dev: true
    optional: true

  /@ast-grep/napi-darwin-x64/0.37.0:
    resolution: {integrity: sha512-zvcvdgekd4ySV3zUbUp8HF5nk5zqwiMXTuVzTUdl/w08O7JjM6XPOIVT+d2o/MqwM9rsXdzdergY5oY2RdhSPA==}
    engines: {node: '>= 10'}
    cpu: [x64]
    os: [darwin]
    requiresBuild: true
    dev: true
    optional: true

  /@ast-grep/napi-linux-arm64-gnu/0.37.0:
    resolution: {integrity: sha512-L7Sj0lXy8X+BqSMgr1LB8cCoWk0rericdeu+dC8/c8zpsav5Oo2IQKY1PmiZ7H8IHoFBbURLf8iklY9wsD+cyA==}
    engines: {node: '>= 10'}
    cpu: [arm64]
    os: [linux]
    requiresBuild: true
    dev: true
    optional: true

  /@ast-grep/napi-linux-arm64-musl/0.37.0:
    resolution: {integrity: sha512-LF9sAvYy6es/OdyJDO3RwkX3I82Vkfsng1sqUBcoWC1jVb1wX5YVzHtpQox9JrEhGl+bNp7FYxB4Qba9OdA5GA==}
    engines: {node: '>= 10'}
    cpu: [arm64]
    os: [linux]
    requiresBuild: true
    dev: true
    optional: true

  /@ast-grep/napi-linux-x64-gnu/0.37.0:
    resolution: {integrity: sha512-TViz5/klqre6aSmJzswEIjApnGjJzstG/SE8VDWsrftMBMYt2PTu3MeluZVwzSqDao8doT/P+6U11dU05UOgxw==}
    engines: {node: '>= 10'}
    cpu: [x64]
    os: [linux]
    requiresBuild: true
    dev: true
    optional: true

  /@ast-grep/napi-linux-x64-musl/0.37.0:
    resolution: {integrity: sha512-/BcCH33S9E3ovOAEoxYngUNXgb+JLg991sdyiNP2bSoYd30a9RHrG7CYwW6fMgua3ijQ474eV6cq9yZO1bCpXg==}
    engines: {node: '>= 10'}
    cpu: [x64]
    os: [linux]
    requiresBuild: true
    dev: true
    optional: true

  /@ast-grep/napi-win32-arm64-msvc/0.37.0:
    resolution: {integrity: sha512-TjQA4cFoIEW2bgjLkaL9yqT4XWuuLa5MCNd0VCDhGRDMNQ9+rhwi9eLOWRaap3xzT7g+nlbcEHL3AkVCD2+b3A==}
    engines: {node: '>= 10'}
    cpu: [arm64]
    os: [win32]
    requiresBuild: true
    dev: true
    optional: true

  /@ast-grep/napi-win32-ia32-msvc/0.37.0:
    resolution: {integrity: sha512-uNmVka8fJCdYsyOlF9aZqQMLTatEYBynjChVTzUfFMDfmZ0bihs/YTqJVbkSm8TZM7CUX82apvn50z/dX5iWRA==}
    engines: {node: '>= 10'}
    cpu: [ia32]
    os: [win32]
    requiresBuild: true
    dev: true
    optional: true

  /@ast-grep/napi-win32-x64-msvc/0.37.0:
    resolution: {integrity: sha512-vCiFOT3hSCQuHHfZ933GAwnPzmL0G04JxQEsBRfqONywyT8bSdDc/ECpAfr3S9VcS4JZ9/F6tkePKW/Om2Dq2g==}
    engines: {node: '>= 10'}
    cpu: [x64]
    os: [win32]
    requiresBuild: true
    dev: true
    optional: true

  /@ast-grep/napi/0.37.0:
    resolution: {integrity: sha512-Hb4o6h1Pf6yRUAX07DR4JVY7dmQw+RVQMW5/m55GoiAT/VRoKCWBtIUPPOnqDVhbx1Cjfil9b6EDrgJsUAujEQ==}
    engines: {node: '>= 10'}
    optionalDependencies:
      '@ast-grep/napi-darwin-arm64': 0.37.0
      '@ast-grep/napi-darwin-x64': 0.37.0
      '@ast-grep/napi-linux-arm64-gnu': 0.37.0
      '@ast-grep/napi-linux-arm64-musl': 0.37.0
      '@ast-grep/napi-linux-x64-gnu': 0.37.0
      '@ast-grep/napi-linux-x64-musl': 0.37.0
      '@ast-grep/napi-win32-arm64-msvc': 0.37.0
      '@ast-grep/napi-win32-ia32-msvc': 0.37.0
      '@ast-grep/napi-win32-x64-msvc': 0.37.0
    dev: true

  /@biomejs/biome/2.2.3:
    resolution: {integrity: sha512-9w0uMTvPrIdvUrxazZ42Ib7t8Y2yoGLKLdNne93RLICmaHw7mcLv4PPb5LvZLJF3141gQHiCColOh/v6VWlWmg==}
    engines: {node: '>=14.21.3'}
    hasBin: true
    optionalDependencies:
      '@biomejs/cli-darwin-arm64': 2.2.3
      '@biomejs/cli-darwin-x64': 2.2.3
      '@biomejs/cli-linux-arm64': 2.2.3
      '@biomejs/cli-linux-arm64-musl': 2.2.3
      '@biomejs/cli-linux-x64': 2.2.3
      '@biomejs/cli-linux-x64-musl': 2.2.3
      '@biomejs/cli-win32-arm64': 2.2.3
      '@biomejs/cli-win32-x64': 2.2.3
    dev: true

  /@biomejs/cli-darwin-arm64/2.2.3:
    resolution: {integrity: sha512-OrqQVBpadB5eqzinXN4+Q6honBz+tTlKVCsbEuEpljK8ASSItzIRZUA02mTikl3H/1nO2BMPFiJ0nkEZNy3B1w==}
    engines: {node: '>=14.21.3'}
    cpu: [arm64]
    os: [darwin]
    requiresBuild: true
    dev: true
    optional: true

  /@biomejs/cli-darwin-x64/2.2.3:
    resolution: {integrity: sha512-OCdBpb1TmyfsTgBAM1kPMXyYKTohQ48WpiN9tkt9xvU6gKVKHY4oVwteBebiOqyfyzCNaSiuKIPjmHjUZ2ZNMg==}
    engines: {node: '>=14.21.3'}
    cpu: [x64]
    os: [darwin]
    requiresBuild: true
    dev: true
    optional: true

  /@biomejs/cli-linux-arm64-musl/2.2.3:
    resolution: {integrity: sha512-q3w9jJ6JFPZPeqyvwwPeaiS/6NEszZ+pXKF+IczNo8Xj6fsii45a4gEEicKyKIytalV+s829ACZujQlXAiVLBQ==}
    engines: {node: '>=14.21.3'}
    cpu: [arm64]
    os: [linux]
    requiresBuild: true
    dev: true
    optional: true

  /@biomejs/cli-linux-arm64/2.2.3:
    resolution: {integrity: sha512-g/Uta2DqYpECxG+vUmTAmUKlVhnGEcY7DXWgKP8ruLRa8Si1QHsWknPY3B/wCo0KgYiFIOAZ9hjsHfNb9L85+g==}
    engines: {node: '>=14.21.3'}
    cpu: [arm64]
    os: [linux]
    requiresBuild: true
    dev: true
    optional: true

  /@biomejs/cli-linux-x64-musl/2.2.3:
    resolution: {integrity: sha512-y76Dn4vkP1sMRGPFlNc+OTETBhGPJ90jY3il6jAfur8XWrYBQV3swZ1Jo0R2g+JpOeeoA0cOwM7mJG6svDz79w==}
    engines: {node: '>=14.21.3'}
    cpu: [x64]
    os: [linux]
    requiresBuild: true
    dev: true
    optional: true

  /@biomejs/cli-linux-x64/2.2.3:
    resolution: {integrity: sha512-LEtyYL1fJsvw35CxrbQ0gZoxOG3oZsAjzfRdvRBRHxOpQ91Q5doRVjvWW/wepgSdgk5hlaNzfeqpyGmfSD0Eyw==}
    engines: {node: '>=14.21.3'}
    cpu: [x64]
    os: [linux]
    requiresBuild: true
    dev: true
    optional: true

  /@biomejs/cli-win32-arm64/2.2.3:
    resolution: {integrity: sha512-Ms9zFYzjcJK7LV+AOMYnjN3pV3xL8Prxf9aWdDVL74onLn5kcvZ1ZMQswE5XHtnd/r/0bnUd928Rpbs14BzVmA==}
    engines: {node: '>=14.21.3'}
    cpu: [arm64]
    os: [win32]
    requiresBuild: true
    dev: true
    optional: true

  /@biomejs/cli-win32-x64/2.2.3:
    resolution: {integrity: sha512-gvCpewE7mBwBIpqk1YrUqNR4mCiyJm6UI3YWQQXkedSSEwzRdodRpaKhbdbHw1/hmTWOVXQ+Eih5Qctf4TCVOQ==}
    engines: {node: '>=14.21.3'}
    cpu: [x64]
    os: [win32]
    requiresBuild: true
    dev: true
    optional: true

  /@emnapi/core/1.6.0:
    resolution: {integrity: sha512-zq/ay+9fNIJJtJiZxdTnXS20PllcYMX3OE23ESc4HK/bdYu3cOWYVhsOhVnXALfU/uqJIxn5NBPd9z4v+SfoSg==}
    requiresBuild: true
    dependencies:
      '@emnapi/wasi-threads': 1.1.0
      tslib: 2.8.1
    optional: true

  /@emnapi/runtime/1.6.0:
    resolution: {integrity: sha512-obtUmAHTMjll499P+D9A3axeJFlhdjOWdKUNs/U6QIGT7V5RjcUW1xToAzjvmgTSQhDbYn/NwfTRoJcQ2rNBxA==}
    requiresBuild: true
    dependencies:
      tslib: 2.8.1
    optional: true

  /@emnapi/wasi-threads/1.1.0:
    resolution: {integrity: sha512-WI0DdZ8xFSbgMjR1sFsKABJ/C5OnRrjT06JXbZKexJGrDuPTzZdDYfFlsgcCXCyf+suG5QU2e/y1Wo2V/OapLQ==}
    requiresBuild: true
    dependencies:
      tslib: 2.8.1
    optional: true

  /@inquirer/ansi/1.0.1:
    resolution: {integrity: sha512-yqq0aJW/5XPhi5xOAL1xRCpe1eh8UFVgYFpFsjEqmIR8rKLyP+HINvFXwUaxYICflJrVlxnp7lLN6As735kVpw==}
    engines: {node: '>=18'}
    dev: false

  /@inquirer/checkbox/4.3.0:
    resolution: {integrity: sha512-5+Q3PKH35YsnoPTh75LucALdAxom6xh5D1oeY561x4cqBuH24ZFVyFREPe14xgnrtmGu3EEt1dIi60wRVSnGCw==}
    engines: {node: '>=18'}
    peerDependencies:
      '@types/node': '>=18'
    peerDependenciesMeta:
      '@types/node':
        optional: true
    dependencies:
      '@inquirer/ansi': 1.0.1
      '@inquirer/core': 10.3.0
      '@inquirer/figures': 1.0.14
      '@inquirer/type': 3.0.9
      yoctocolors-cjs: 2.1.3
    dev: false

  /@inquirer/confirm/5.1.19:
    resolution: {integrity: sha512-wQNz9cfcxrtEnUyG5PndC8g3gZ7lGDBzmWiXZkX8ot3vfZ+/BLjR8EvyGX4YzQLeVqtAlY/YScZpW7CW8qMoDQ==}
    engines: {node: '>=18'}
    peerDependencies:
      '@types/node': '>=18'
    peerDependenciesMeta:
      '@types/node':
        optional: true
    dependencies:
      '@inquirer/core': 10.3.0
      '@inquirer/type': 3.0.9
    dev: false

  /@inquirer/core/10.3.0:
    resolution: {integrity: sha512-Uv2aPPPSK5jeCplQmQ9xadnFx2Zhj9b5Dj7bU6ZeCdDNNY11nhYy4btcSdtDguHqCT2h5oNeQTcUNSGGLA7NTA==}
    engines: {node: '>=18'}
    peerDependencies:
      '@types/node': '>=18'
    peerDependenciesMeta:
      '@types/node':
        optional: true
    dependencies:
      '@inquirer/ansi': 1.0.1
      '@inquirer/figures': 1.0.14
      '@inquirer/type': 3.0.9
      cli-width: 4.1.0
      mute-stream: 2.0.0
      signal-exit: 4.1.0
      wrap-ansi: 6.2.0
      yoctocolors-cjs: 2.1.3
    dev: false

  /@inquirer/editor/4.2.21:
    resolution: {integrity: sha512-MjtjOGjr0Kh4BciaFShYpZ1s9400idOdvQ5D7u7lE6VztPFoyLcVNE5dXBmEEIQq5zi4B9h2kU+q7AVBxJMAkQ==}
    engines: {node: '>=18'}
    peerDependencies:
      '@types/node': '>=18'
    peerDependenciesMeta:
      '@types/node':
        optional: true
    dependencies:
      '@inquirer/core': 10.3.0
      '@inquirer/external-editor': 1.0.2
      '@inquirer/type': 3.0.9
    dev: false

  /@inquirer/expand/4.0.21:
    resolution: {integrity: sha512-+mScLhIcbPFmuvU3tAGBed78XvYHSvCl6dBiYMlzCLhpr0bzGzd8tfivMMeqND6XZiaZ1tgusbUHJEfc6YzOdA==}
    engines: {node: '>=18'}
    peerDependencies:
      '@types/node': '>=18'
    peerDependenciesMeta:
      '@types/node':
        optional: true
    dependencies:
      '@inquirer/core': 10.3.0
      '@inquirer/type': 3.0.9
      yoctocolors-cjs: 2.1.3
    dev: false

  /@inquirer/external-editor/1.0.2:
    resolution: {integrity: sha512-yy9cOoBnx58TlsPrIxauKIFQTiyH+0MK4e97y4sV9ERbI+zDxw7i2hxHLCIEGIE/8PPvDxGhgzIOTSOWcs6/MQ==}
    engines: {node: '>=18'}
    peerDependencies:
      '@types/node': '>=18'
    peerDependenciesMeta:
      '@types/node':
        optional: true
    dependencies:
      chardet: 2.1.1
      iconv-lite: 0.7.0
    dev: false

  /@inquirer/figures/1.0.14:
    resolution: {integrity: sha512-DbFgdt+9/OZYFM+19dbpXOSeAstPy884FPy1KjDu4anWwymZeOYhMY1mdFri172htv6mvc/uvIAAi7b7tvjJBQ==}
    engines: {node: '>=18'}
    dev: false

  /@inquirer/input/4.2.5:
    resolution: {integrity: sha512-7GoWev7P6s7t0oJbenH0eQ0ThNdDJbEAEtVt9vsrYZ9FulIokvd823yLyhQlWHJPGce1wzP53ttfdCZmonMHyA==}
    engines: {node: '>=18'}
    peerDependencies:
      '@types/node': '>=18'
    peerDependenciesMeta:
      '@types/node':
        optional: true
    dependencies:
      '@inquirer/core': 10.3.0
      '@inquirer/type': 3.0.9
    dev: false

  /@inquirer/number/3.0.21:
    resolution: {integrity: sha512-5QWs0KGaNMlhbdhOSCFfKsW+/dcAVC2g4wT/z2MCiZM47uLgatC5N20kpkDQf7dHx+XFct/MJvvNGy6aYJn4Pw==}
    engines: {node: '>=18'}
    peerDependencies:
      '@types/node': '>=18'
    peerDependenciesMeta:
      '@types/node':
        optional: true
    dependencies:
      '@inquirer/core': 10.3.0
      '@inquirer/type': 3.0.9
    dev: false

  /@inquirer/password/4.0.21:
    resolution: {integrity: sha512-xxeW1V5SbNFNig2pLfetsDb0svWlKuhmr7MPJZMYuDnCTkpVBI+X/doudg4pznc1/U+yYmWFFOi4hNvGgUo7EA==}
    engines: {node: '>=18'}
    peerDependencies:
      '@types/node': '>=18'
    peerDependenciesMeta:
      '@types/node':
        optional: true
    dependencies:
      '@inquirer/ansi': 1.0.1
      '@inquirer/core': 10.3.0
      '@inquirer/type': 3.0.9
    dev: false

  /@inquirer/prompts/7.9.0:
    resolution: {integrity: sha512-X7/+dG9SLpSzRkwgG5/xiIzW0oMrV3C0HOa7YHG1WnrLK+vCQHfte4k/T80059YBdei29RBC3s+pSMvPJDU9/A==}
    engines: {node: '>=18'}
    peerDependencies:
      '@types/node': '>=18'
    peerDependenciesMeta:
      '@types/node':
        optional: true
    dependencies:
      '@inquirer/checkbox': 4.3.0
      '@inquirer/confirm': 5.1.19
      '@inquirer/editor': 4.2.21
      '@inquirer/expand': 4.0.21
      '@inquirer/input': 4.2.5
      '@inquirer/number': 3.0.21
      '@inquirer/password': 4.0.21
      '@inquirer/rawlist': 4.1.9
      '@inquirer/search': 3.2.0
      '@inquirer/select': 4.4.0
    dev: false

  /@inquirer/rawlist/4.1.9:
    resolution: {integrity: sha512-AWpxB7MuJrRiSfTKGJ7Y68imYt8P9N3Gaa7ySdkFj1iWjr6WfbGAhdZvw/UnhFXTHITJzxGUI9k8IX7akAEBCg==}
    engines: {node: '>=18'}
    peerDependencies:
      '@types/node': '>=18'
    peerDependenciesMeta:
      '@types/node':
        optional: true
    dependencies:
      '@inquirer/core': 10.3.0
      '@inquirer/type': 3.0.9
      yoctocolors-cjs: 2.1.3
    dev: false

  /@inquirer/search/3.2.0:
    resolution: {integrity: sha512-a5SzB/qrXafDX1Z4AZW3CsVoiNxcIYCzYP7r9RzrfMpaLpB+yWi5U8BWagZyLmwR0pKbbL5umnGRd0RzGVI8bQ==}
    engines: {node: '>=18'}
    peerDependencies:
      '@types/node': '>=18'
    peerDependenciesMeta:
      '@types/node':
        optional: true
    dependencies:
      '@inquirer/core': 10.3.0
      '@inquirer/figures': 1.0.14
      '@inquirer/type': 3.0.9
      yoctocolors-cjs: 2.1.3
    dev: false

  /@inquirer/select/4.4.0:
    resolution: {integrity: sha512-kaC3FHsJZvVyIjYBs5Ih8y8Bj4P/QItQWrZW22WJax7zTN+ZPXVGuOM55vzbdCP9zKUiBd9iEJVdesujfF+cAA==}
    engines: {node: '>=18'}
    peerDependencies:
      '@types/node': '>=18'
    peerDependenciesMeta:
      '@types/node':
        optional: true
    dependencies:
      '@inquirer/ansi': 1.0.1
      '@inquirer/core': 10.3.0
      '@inquirer/figures': 1.0.14
      '@inquirer/type': 3.0.9
      yoctocolors-cjs: 2.1.3
    dev: false

  /@inquirer/type/3.0.9:
    resolution: {integrity: sha512-QPaNt/nmE2bLGQa9b7wwyRJoLZ7pN6rcyXvzU0YCmivmJyq1BVo94G98tStRWkoD1RgDX5C+dPlhhHzNdu/W/w==}
    engines: {node: '>=18'}
    peerDependencies:
      '@types/node': '>=18'
    peerDependenciesMeta:
      '@types/node':
        optional: true
    dev: false

  /@module-federation/error-codes/0.18.0:
    resolution: {integrity: sha512-Woonm8ehyVIUPXChmbu80Zj6uJkC0dD9SJUZ/wOPtO8iiz/m+dkrOugAuKgoiR6qH4F+yorWila954tBz4uKsQ==}
    dev: false

  /@module-federation/error-codes/0.21.1:
    resolution: {integrity: sha512-h1brnwR9AbwMu1P7ZoJJ9j2O2XWkuMh5p03WhXI1vNEdl3xJheSAvH8RjG8FoKRccVgMnUNDQ+vDVwevUBms/A==}
    dev: true

  /@module-federation/runtime-core/0.18.0:
    resolution: {integrity: sha512-ZyYhrDyVAhUzriOsVfgL6vwd+5ebYm595Y13KeMf6TKDRoUHBMTLGQ8WM4TDj8JNsy7LigncK8C03fn97of0QQ==}
    dependencies:
      '@module-federation/error-codes': 0.18.0
      '@module-federation/sdk': 0.18.0
    dev: false

  /@module-federation/runtime-core/0.21.1:
    resolution: {integrity: sha512-COob5bepqDc9mKjTziXbQd4WQMCTzhc0cuXyraZhYddYcjcepzZrMpDIXG1x5p+gdg5p1vsGNWt/ZcU8cFh/pg==}
    dependencies:
      '@module-federation/error-codes': 0.21.1
      '@module-federation/sdk': 0.21.1
    dev: true

  /@module-federation/runtime-tools/0.18.0:
    resolution: {integrity: sha512-fSga9o4t1UfXNV/Kh6qFvRyZpPp3EHSPRISNeyT8ZoTpzDNiYzhtw0BPUSSD8m6C6XQh2s/11rI4g80UY+d+hA==}
    dependencies:
      '@module-federation/runtime': 0.18.0
      '@module-federation/webpack-bundler-runtime': 0.18.0
    dev: false

  /@module-federation/runtime-tools/0.21.1:
    resolution: {integrity: sha512-uQmammw3Osg8370yiRqZwKo7eA5zkyml9pAX9x4oS9QAkEBvQpDogERlF9f7gAgcP2P3v+xLg3/bCdquD0gt8A==}
    dependencies:
      '@module-federation/runtime': 0.21.1
      '@module-federation/webpack-bundler-runtime': 0.21.1
    dev: true

  /@module-federation/runtime/0.18.0:
    resolution: {integrity: sha512-+C4YtoSztM7nHwNyZl6dQKGUVJdsPrUdaf3HIKReg/GQbrt9uvOlUWo2NXMZ8vDAnf/QRrpSYAwXHmWDn9Obaw==}
    dependencies:
      '@module-federation/error-codes': 0.18.0
      '@module-federation/runtime-core': 0.18.0
      '@module-federation/sdk': 0.18.0
    dev: false

  /@module-federation/runtime/0.21.1:
    resolution: {integrity: sha512-sfBrP0gEPwXPEiREVKVd0IjEWXtr3G/i7EUZVWTt4D491nNpswog/kuKFatGmhcBb+9uD5v9rxFgmIbgL9njnQ==}
    dependencies:
      '@module-federation/error-codes': 0.21.1
      '@module-federation/runtime-core': 0.21.1
      '@module-federation/sdk': 0.21.1
    dev: true

  /@module-federation/sdk/0.18.0:
    resolution: {integrity: sha512-Lo/Feq73tO2unjmpRfyyoUkTVoejhItXOk/h5C+4cistnHbTV8XHrW/13fD5e1Iu60heVdAhhelJd6F898Ve9A==}
    dev: false

  /@module-federation/sdk/0.21.1:
    resolution: {integrity: sha512-1cHMrmCCao3NMFM4BkA0GDt4rbYbyneHct5E4z68cu5UBUnI3L/UboP5VNM8lkYMO1nCR8M0FcLkLhK35Nt48A==}
    dev: true

  /@module-federation/webpack-bundler-runtime/0.18.0:
    resolution: {integrity: sha512-TEvErbF+YQ+6IFimhUYKK3a5wapD90d90sLsNpcu2kB3QGT7t4nIluE25duXuZDVUKLz86tEPrza/oaaCWTpvQ==}
    dependencies:
      '@module-federation/runtime': 0.18.0
      '@module-federation/sdk': 0.18.0
    dev: false

  /@module-federation/webpack-bundler-runtime/0.21.1:
    resolution: {integrity: sha512-yyXX6ugTV07pMxMzAHt6/JDwblS3f1NDyUI7l44CyYgXpl2ItEEUs5aj5h/5xU1c9Px7M//KkY3qW+InW4tR/A==}
    dependencies:
      '@module-federation/runtime': 0.21.1
      '@module-federation/sdk': 0.21.1
    dev: true

  /@napi-rs/wasm-runtime/1.0.7:
    resolution: {integrity: sha512-SeDnOO0Tk7Okiq6DbXmmBODgOAb9dp9gjlphokTUxmt8U3liIP1ZsozBahH69j/RJv+Rfs6IwUKHTgQYJ/HBAw==}
    requiresBuild: true
    dependencies:
      '@emnapi/core': 1.6.0
      '@emnapi/runtime': 1.6.0
      '@tybys/wasm-util': 0.10.1
    optional: true

  /@rsbuild/core/1.5.17:
    resolution: {integrity: sha512-tHa4puv+pEooQvSewu/K5sm270nkVPcP07Ioz1c+fbFCrFpiZWV5XumgznilS80097glUrieN+9xTbIHGXjThQ==}
    engines: {node: '>=18.12.0'}
    hasBin: true
    dependencies:
      '@rspack/core': 1.5.8_@swc+helpers@0.5.17
      '@rspack/lite-tapable': 1.0.1
      '@swc/helpers': 0.5.17
      core-js: 3.46.0
      jiti: 2.6.1
    dev: false

  /@rsbuild/core/1.6.0-beta.1:
    resolution: {integrity: sha512-UjQnvXDW9m/hS4DP66ubGIMVjK2PzYx8tzgiinrO0kjNCr9i8KWuJSJGUWyczFMpSsXxp20LnuTxtx7kiGiYdA==}
    engines: {node: '>=18.12.0'}
    hasBin: true
    dependencies:
      '@rspack/core': 1.6.0-beta.1_@swc+helpers@0.5.17
      '@rspack/lite-tapable': 1.0.1
      '@swc/helpers': 0.5.17
      core-js: 3.46.0
      jiti: 2.6.1
    dev: true

  /@rsbuild/plugin-react/1.4.1_@rsbuild+core@1.5.17:
    resolution: {integrity: sha512-kahvnfRPQTsG0tReR6h0KuVfyjKJfpv/PoU5qW5SDkON7vmbGn8Jx7l3fI+yU3lR/7qDiAO19QnNjkqxPsFT3Q==}
    peerDependencies:
      '@rsbuild/core': 1.x
    dependencies:
      '@rsbuild/core': 1.5.17
      '@rspack/plugin-react-refresh': 1.5.2_react-refresh@0.17.0
      react-refresh: 0.17.0
    transitivePeerDependencies:
      - webpack-hot-middleware
    dev: false

  /@rslib/core/0.16.1:
    resolution: {integrity: sha512-KhZwWO4kcP4PPdBH2aAgg/A6FYapbDh2rhsxo8dqOOPWCjDFU3QKAYPieKg+k4IrRQlye8AWOXo2rbyF4FC01g==}
    engines: {node: '>=18.12.0'}
    hasBin: true
    peerDependencies:
      '@microsoft/api-extractor': ^7
      typescript: ^5
    peerDependenciesMeta:
      '@microsoft/api-extractor':
        optional: true
      typescript:
        optional: true
    dependencies:
      '@rsbuild/core': 1.6.0-beta.1
      rsbuild-plugin-dts: 0.16.1_@rsbuild+core@1.6.0-beta.1
    transitivePeerDependencies:
      - '@typescript/native-preview'
    dev: true

  /@rspack/binding-darwin-arm64/1.5.8:
    resolution: {integrity: sha512-spJfpOSN3f7V90ic45/ET2NKB2ujAViCNmqb0iGurMNQtFRq+7Kd+jvVKKGXKBHBbsQrFhidSWbbqy2PBPGK8g==}
    cpu: [arm64]
    os: [darwin]
    requiresBuild: true
    dev: false
    optional: true

  /@rspack/binding-darwin-arm64/1.6.0-beta.1:
    resolution: {integrity: sha512-RXQ97iVXgvQAb/cq265z/txdHOOJ6fQQRBfnn0IfMNk7gT4W2rvsLrOqQpwtMKxYV4N/mfWnycfAVa0OOf22Gg==}
    cpu: [arm64]
    os: [darwin]
    requiresBuild: true
    dev: true
    optional: true

  /@rspack/binding-darwin-x64/1.5.8:
    resolution: {integrity: sha512-YFOzeL1IBknBcri8vjUp43dfUBylCeQnD+9O9p0wZmLAw7DtpN5JEOe2AkGo8kdTqJjYKI+cczJPKIw6lu1LWw==}
    cpu: [x64]
    os: [darwin]
    requiresBuild: true
    dev: false
    optional: true

  /@rspack/binding-darwin-x64/1.6.0-beta.1:
    resolution: {integrity: sha512-Ulb7Jyyvuf28BwPXZKSbglaSK/19b32ItWT+pgswhbFsnfhzAQQd7Jo7TUEvHNHAdVDiES8VFlrnOhOSnwEOLg==}
    cpu: [x64]
    os: [darwin]
    requiresBuild: true
    dev: true
    optional: true

  /@rspack/binding-linux-arm64-gnu/1.5.8:
    resolution: {integrity: sha512-UAWCsOnpkvy8eAVRo0uipbHXDhnoDq5zmqWTMhpga0/a3yzCp2e+fnjZb/qnFNYb5MeL0O1mwMOYgn1M3oHILQ==}
    cpu: [arm64]
    os: [linux]
    requiresBuild: true
    dev: false
    optional: true

  /@rspack/binding-linux-arm64-gnu/1.6.0-beta.1:
    resolution: {integrity: sha512-UyUoh5RXHTWCktqPVnqoc5rwlWyLkWqGu6ga+iyJHDxdxlrHFfwJnTSnCd4y8cRadf7CrmjHElxE61GU3WCYhw==}
    cpu: [arm64]
    os: [linux]
    requiresBuild: true
    dev: true
    optional: true

  /@rspack/binding-linux-arm64-musl/1.5.8:
    resolution: {integrity: sha512-GnSvGT4GjokPSD45cTtE+g7LgghuxSP1MRmvd+Vp/I8pnxTVSTsebRod4TAqyiv+l11nuS8yqNveK9qiOkBLWw==}
    cpu: [arm64]
    os: [linux]
    requiresBuild: true
    dev: false
    optional: true

  /@rspack/binding-linux-arm64-musl/1.6.0-beta.1:
    resolution: {integrity: sha512-JAXVKHQieN4Ruvs7MstvsPUtRBSAROqJ0abCh4rXdV+FzncKp/ZkdfjQploDhBWtWfU8rPvIjaxeZcPfHMI5/A==}
    cpu: [arm64]
    os: [linux]
    requiresBuild: true
    dev: true
    optional: true

  /@rspack/binding-linux-x64-gnu/1.5.8:
    resolution: {integrity: sha512-XLxh5n/pzUfxsugz/8rVBv+Tx2nqEM+9rharK69kfooDsQNKyz7PANllBQ/v4svJ+W0BRHnDL4qXSGdteZeEjA==}
    cpu: [x64]
    os: [linux]
    requiresBuild: true
    dev: false
    optional: true

  /@rspack/binding-linux-x64-gnu/1.6.0-beta.1:
    resolution: {integrity: sha512-LqAos71CJS5/V4knX9T7T68oGz0XPRZ2IJmI3jEByRlNcyZdxYeQ7Dw09JO9Y5Xj0T+0cudOeL2MxHcD3gTF/w==}
    cpu: [x64]
    os: [linux]
    requiresBuild: true
    dev: true
    optional: true

  /@rspack/binding-linux-x64-musl/1.5.8:
    resolution: {integrity: sha512-gE0+MZmwF+01p9/svpEESkzkLpBkVUG2o03YMpwXYC/maeRRhWvF8BJ7R3i/Ls/jFGSE87dKX5NbRLVzqksq/w==}
    cpu: [x64]
    os: [linux]
    requiresBuild: true
    dev: false
    optional: true

  /@rspack/binding-linux-x64-musl/1.6.0-beta.1:
    resolution: {integrity: sha512-E4dRMzIHYaoYkgmDTFLrgnGtdspbAuVbLfaPF9AWW5YkQn52obGAgbbNb1wi1JJ5f29nTBoLauYCucEO5IGFvA==}
    cpu: [x64]
    os: [linux]
    requiresBuild: true
    dev: true
    optional: true

  /@rspack/binding-wasm32-wasi/1.5.8:
    resolution: {integrity: sha512-cfg3niNHeJuxuml1Vy9VvaJrI/5TakzoaZvKX2g5S24wfzR50Eyy4JAsZ+L2voWQQp1yMJbmPYPmnTCTxdJQBQ==}
    cpu: [wasm32]
    requiresBuild: true
    dependencies:
      '@napi-rs/wasm-runtime': 1.0.7
    dev: false
    optional: true

  /@rspack/binding-wasm32-wasi/1.6.0-beta.1:
    resolution: {integrity: sha512-PaKEjXOkYprSFlgdgVm/P3pv2E8nAQx9WSGgPmMVIAtxo3Cyz0wwFf0f1Bp9wCw0KkIWgi+9lz8oXNkgKZilug==}
    cpu: [wasm32]
    requiresBuild: true
    dependencies:
      '@napi-rs/wasm-runtime': 1.0.7
    dev: true
    optional: true

  /@rspack/binding-win32-arm64-msvc/1.5.8:
    resolution: {integrity: sha512-7i3ZTHFXKfU/9Jm9XhpMkrdkxO7lfeYMNVEGkuU5dyBfRMQj69dRgPL7zJwc2plXiqu9LUOl+TwDNTjap7Q36g==}
    cpu: [arm64]
    os: [win32]
    requiresBuild: true
    dev: false
    optional: true

  /@rspack/binding-win32-arm64-msvc/1.6.0-beta.1:
    resolution: {integrity: sha512-HWz9Qxrjf3TKLCwiFPJaqw+STvEsBvFYZvBXZ8umIZXqtdfgQP5d91V8JRG4Gg1J6xnGC/KhZexxBuR/y64aBA==}
    cpu: [arm64]
    os: [win32]
    requiresBuild: true
    dev: true
    optional: true

  /@rspack/binding-win32-ia32-msvc/1.5.8:
    resolution: {integrity: sha512-7ZPPWO11J+soea1+mnfaPpQt7GIodBM7A86dx6PbXgVEoZmetcWPrCF2NBfXxQWOKJ9L3RYltC4z+ZyXRgMOrw==}
    cpu: [ia32]
    os: [win32]
    requiresBuild: true
    dev: false
    optional: true

  /@rspack/binding-win32-ia32-msvc/1.6.0-beta.1:
    resolution: {integrity: sha512-alAZHRuyPzCH3rJpEC9EBE60EZPnQjzltZ6HN8lsCidACMFTzaLBvuzZyYQah+Zm58O22ok2Eon4BpP1Coizgg==}
    cpu: [ia32]
    os: [win32]
    requiresBuild: true
    dev: true
    optional: true

  /@rspack/binding-win32-x64-msvc/1.5.8:
    resolution: {integrity: sha512-N/zXQgzIxME3YUzXT8qnyzxjqcnXudWOeDh8CAG9zqTCnCiy16SFfQ/cQgEoLlD9geQntV6jx2GbDDI5kpDGMQ==}
    cpu: [x64]
    os: [win32]
    requiresBuild: true
    dev: false
    optional: true

  /@rspack/binding-win32-x64-msvc/1.6.0-beta.1:
    resolution: {integrity: sha512-/WBzhed0Cu0o9XQ9caGgWwzyNnnPKlENlExa2aGbRCbB14/+CwfhCyETyKlc/ID+dtlV/eHKTC9cckUNI8NpTQ==}
    cpu: [x64]
    os: [win32]
    requiresBuild: true
    dev: true
    optional: true

  /@rspack/binding/1.5.8:
    resolution: {integrity: sha512-/91CzhRl9r5BIQCgGsS7jA6MDbw1I2BQpbfcUUdkdKl2P79K3Zo/Mw/TvKzS86catwLaUQEgkGRmYawOfPg7ow==}
    optionalDependencies:
      '@rspack/binding-darwin-arm64': 1.5.8
      '@rspack/binding-darwin-x64': 1.5.8
      '@rspack/binding-linux-arm64-gnu': 1.5.8
      '@rspack/binding-linux-arm64-musl': 1.5.8
      '@rspack/binding-linux-x64-gnu': 1.5.8
      '@rspack/binding-linux-x64-musl': 1.5.8
      '@rspack/binding-wasm32-wasi': 1.5.8
      '@rspack/binding-win32-arm64-msvc': 1.5.8
      '@rspack/binding-win32-ia32-msvc': 1.5.8
      '@rspack/binding-win32-x64-msvc': 1.5.8
    dev: false

  /@rspack/binding/1.6.0-beta.1:
    resolution: {integrity: sha512-r3L60ekkDLM5qoRjCMrqsgwU9SQ5e8oA/Omltu/FEEUspIVHawPvAqNZvAXnGB+FoNxM8YgdRRh12PAwXJww0A==}
    optionalDependencies:
      '@rspack/binding-darwin-arm64': 1.6.0-beta.1
      '@rspack/binding-darwin-x64': 1.6.0-beta.1
      '@rspack/binding-linux-arm64-gnu': 1.6.0-beta.1
      '@rspack/binding-linux-arm64-musl': 1.6.0-beta.1
      '@rspack/binding-linux-x64-gnu': 1.6.0-beta.1
      '@rspack/binding-linux-x64-musl': 1.6.0-beta.1
      '@rspack/binding-wasm32-wasi': 1.6.0-beta.1
      '@rspack/binding-win32-arm64-msvc': 1.6.0-beta.1
      '@rspack/binding-win32-ia32-msvc': 1.6.0-beta.1
      '@rspack/binding-win32-x64-msvc': 1.6.0-beta.1
    dev: true

  /@rspack/core/1.5.8_@swc+helpers@0.5.17:
    resolution: {integrity: sha512-sUd2LfiDhqYVfvknuoz0+/c+wSpn693xotnG5g1CSWKZArbtwiYzBIVnNlcHGmuoBRsnj/TkSq8dTQ7gwfBroQ==}
    engines: {node: '>=18.12.0'}
    peerDependencies:
      '@swc/helpers': '>=0.5.1'
    peerDependenciesMeta:
      '@swc/helpers':
        optional: true
    dependencies:
      '@module-federation/runtime-tools': 0.18.0
      '@rspack/binding': 1.5.8
      '@rspack/lite-tapable': 1.0.1
      '@swc/helpers': 0.5.17
    dev: false

  /@rspack/core/1.6.0-beta.1_@swc+helpers@0.5.17:
    resolution: {integrity: sha512-2ff8XWonPPHyQ6mEWogMspg+Sul3lXZUfNQVrbYSjfNpi8CeDV0/ZtRbHHbAXiy6pz5fvBFL6X+i/ATckjTYBw==}
    engines: {node: '>=18.12.0'}
    peerDependencies:
      '@swc/helpers': '>=0.5.1'
    peerDependenciesMeta:
      '@swc/helpers':
        optional: true
    dependencies:
      '@module-federation/runtime-tools': 0.21.1
      '@rspack/binding': 1.6.0-beta.1
      '@rspack/lite-tapable': 1.0.1
      '@swc/helpers': 0.5.17
    dev: true

  /@rspack/lite-tapable/1.0.1:
    resolution: {integrity: sha512-VynGOEsVw2s8TAlLf/uESfrgfrq2+rcXB1muPJYBWbsm1Oa6r5qVQhjA5ggM6z/coYPrsVMgovl3Ff7Q7OCp1w==}
    engines: {node: '>=16.0.0'}

  /@rspack/plugin-react-refresh/1.5.2_react-refresh@0.17.0:
    resolution: {integrity: sha512-uTbN6P01LPdQOnl5YNwHkN4hDsb9Sb5nIetQb55mPyFiJnu9MQetmBUm+tmh8JJg0QPv4Ew7tXgi4hjpHFY3Rw==}
    peerDependencies:
      react-refresh: '>=0.10.0 <1.0.0'
      webpack-hot-middleware: 2.x
    peerDependenciesMeta:
      webpack-hot-middleware:
        optional: true
    dependencies:
      error-stack-parser: 2.1.4
      html-entities: 2.6.0
      react-refresh: 0.17.0
    dev: false

  /@sec-ant/readable-stream/0.4.1:
    resolution: {integrity: sha512-831qok9r2t8AlxLko40y2ebgSDhenenCatLVeW/uBtnHPyhHOvG0C7TvfgecV+wHzIm5KUICgzmVpWS+IMEAeg==}
    dev: false

  /@sindresorhus/merge-streams/4.0.0:
    resolution: {integrity: sha512-tlqY9xq5ukxTUZBmoOp+m61cqwQD5pHJtFY3Mn8CA8ps6yghLH/Hw8UPdqg4OLmFW3IFlcXnQNmo/dh8HzXYIQ==}
    engines: {node: '>=18'}
    dev: false

  /@swc/helpers/0.5.17:
    resolution: {integrity: sha512-5IKx/Y13RsYd+sauPb2x+U/xZikHjolzfuDgTAl/Tdf3Q8rslRvC19NKDLgAJQ6wsqADk10ntlv08nPFw/gO/A==}
    dependencies:
      tslib: 2.8.1

  /@tybys/wasm-util/0.10.1:
    resolution: {integrity: sha512-9tTaPJLSiejZKx+Bmog4uSubteqTvFrVrURwkmHixBo0G4seD0zUxp98E1DzUBJxLQ3NPwXrGKDiVjwx/DpPsg==}
    requiresBuild: true
    dependencies:
      tslib: 2.8.1
    optional: true

  /ansi-regex/5.0.1:
    resolution: {integrity: sha512-quJQXlTSUGL2LH9SUXo8VwsY4soanhgo6LNSm84E1LBcE8s3O0wpdiRzyR9z/ZZJMlMWv37qOOb9pdJlMUEKFQ==}
    engines: {node: '>=8'}
    dev: false

  /ansi-regex/6.2.2:
    resolution: {integrity: sha512-Bq3SmSpyFHaWjPk8If9yc6svM8c56dB5BAtW4Qbw5jHTwwXXcTLoRMkpDJp6VL0XzlWaCHTXrkFURMYmD0sLqg==}
    engines: {node: '>=12'}
    dev: false

  /ansi-styles/4.3.0:
    resolution: {integrity: sha512-zbB9rCJAT1rbjiVDb2hqKFHNYLxgtk8NURxZ3IZwD3F6NtxbXZQCnnSi1Lkx+IDohdPlFp222wVALIheZJQSEg==}
    engines: {node: '>=8'}
    dependencies:
      color-convert: 2.0.1
    dev: false

  /chalk/5.6.2:
    resolution: {integrity: sha512-7NzBL0rN6fMUW+f7A6Io4h40qQlG+xGmtMxfbnH/K7TAtt8JQWVQK+6g0UXKMeVJoyV5EkkNsErQ8pVD3bLHbA==}
    engines: {node: ^12.17.0 || ^14.13 || >=16.0.0}
    dev: false

  /chardet/2.1.1:
    resolution: {integrity: sha512-PsezH1rqdV9VvyNhxxOW32/d75r01NY7TQCmOqomRo15ZSOKbpTFVsfjghxo6JloQUCGnH4k1LGu0R4yCLlWQQ==}
    dev: false

  /cli-cursor/5.0.0:
    resolution: {integrity: sha512-aCj4O5wKyszjMmDT4tZj93kxyydN/K5zPWSCe6/0AV/AA1pqe5ZBIw0a2ZfPQV7lL5/yb5HsUreJ6UFAF1tEQw==}
    engines: {node: '>=18'}
    dependencies:
      restore-cursor: 5.1.0
    dev: false

  /cli-spinners/2.9.2:
    resolution: {integrity: sha512-ywqV+5MmyL4E7ybXgKys4DugZbX0FC6LnwrhjuykIjnK9k8OQacQ7axGKnjDXWNhns0xot3bZI5h55H8yo9cJg==}
    engines: {node: '>=6'}
    dev: false

  /cli-width/4.1.0:
    resolution: {integrity: sha512-ouuZd4/dm2Sw5Gmqy6bGyNNNe1qt9RpmxveLSO7KcgsTnU7RXfsw+/bukWGo1abgBiMAic068rclZsO4IWmmxQ==}
    engines: {node: '>= 12'}
    dev: false

  /color-convert/2.0.1:
    resolution: {integrity: sha512-RRECPsj7iu/xb5oKYcsFHSppFNnsj/52OVTRKb4zP5onXwVF3zVmmToNcOfGC+CRDpfK/U584fMg38ZHCaElKQ==}
    engines: {node: '>=7.0.0'}
    dependencies:
      color-name: 1.1.4
    dev: false

  /color-name/1.1.4:
    resolution: {integrity: sha512-dOy+3AuW3a2wNbZHIuMZpTcgjGuLU/uBL/ubcZF9OXbDo8ff4O8yVp5Bf0efS8uEoYo5q4Fx7dY9OgQGXgAsQA==}
    dev: false

  /commander/14.0.2:
    resolution: {integrity: sha512-TywoWNNRbhoD0BXs1P3ZEScW8W5iKrnbithIl0YH+uCmBd0QpPOA8yc82DS3BIE5Ma6FnBVUsJ7wVUDz4dvOWQ==}
    engines: {node: '>=20'}
    dev: false

  /core-js/3.46.0:
    resolution: {integrity: sha512-vDMm9B0xnqqZ8uSBpZ8sNtRtOdmfShrvT6h2TuQGLs0Is+cR0DYbj/KWP6ALVNbWPpqA/qPLoOuppJN07humpA==}
    requiresBuild: true

  /cross-spawn/7.0.6:
    resolution: {integrity: sha512-uV2QOWP2nWzsy2aMp8aRibhi9dlzF5Hgh5SHaB9OiTGEyDTiJJyx0uy51QXdyWbtAHNua4XJzUKca3OzKUd3vA==}
    engines: {node: '>= 8'}
    dependencies:
      path-key: 3.1.1
      shebang-command: 2.0.0
      which: 2.0.2
    dev: false

  /emoji-regex/10.6.0:
    resolution: {integrity: sha512-toUI84YS5YmxW219erniWD0CIVOo46xGKColeNQRgOzDorgBi1v4D71/OFzgD9GO2UGKIv1C3Sp8DAn0+j5w7A==}
    dev: false

  /emoji-regex/8.0.0:
    resolution: {integrity: sha512-MSjYzcWNOA0ewAHpz0MxpYFvwg6yjy1NG3xteoqz644VCo/RPgnr1/GGt+ic3iJTzQ8Eu3TdM14SawnVUmGE6A==}
    dev: false

  /error-stack-parser/2.1.4:
    resolution: {integrity: sha512-Sk5V6wVazPhq5MhpO+AUxJn5x7XSXGl1R93Vn7i+zS15KDVxQijejNCrz8340/2bgLBjR9GtEG8ZVKONDjcqGQ==}
    dependencies:
      stackframe: 1.3.4
    dev: false

  /execa/9.6.0:
    resolution: {integrity: sha512-jpWzZ1ZhwUmeWRhS7Qv3mhpOhLfwI+uAX4e5fOcXqwMR7EcJ0pj2kV1CVzHVMX/LphnKWD3LObjZCoJ71lKpHw==}
    engines: {node: ^18.19.0 || >=20.5.0}
    dependencies:
      '@sindresorhus/merge-streams': 4.0.0
      cross-spawn: 7.0.6
      figures: 6.1.0
      get-stream: 9.0.1
      human-signals: 8.0.1
      is-plain-obj: 4.1.0
      is-stream: 4.0.1
      npm-run-path: 6.0.0
      pretty-ms: 9.3.0
      signal-exit: 4.1.0
      strip-final-newline: 4.0.0
      yoctocolors: 2.1.2
    dev: false

  /figures/6.1.0:
    resolution: {integrity: sha512-d+l3qxjSesT4V7v2fh+QnmFnUWv9lSpjarhShNTgBOfA0ttejbQUAlHLitbjkoRiDulW0OPoQPYIGhIC8ohejg==}
    engines: {node: '>=18'}
    dependencies:
      is-unicode-supported: 2.1.0
    dev: false

  /fs-extra/11.3.2:
    resolution: {integrity: sha512-Xr9F6z6up6Ws+NjzMCZc6WXg2YFRlrLP9NQDO3VQrWrfiojdhS56TzueT88ze0uBdCTwEIhQ3ptnmKeWGFAe0A==}
    engines: {node: '>=14.14'}
    dependencies:
      graceful-fs: 4.2.11
      jsonfile: 6.2.0
      universalify: 2.0.1
    dev: false

  /get-east-asian-width/1.4.0:
    resolution: {integrity: sha512-QZjmEOC+IT1uk6Rx0sX22V6uHWVwbdbxf1faPqJ1QhLdGgsRGCZoyaQBm/piRdJy/D2um6hM1UP7ZEeQ4EkP+Q==}
    engines: {node: '>=18'}
    dev: false

  /get-stream/9.0.1:
    resolution: {integrity: sha512-kVCxPF3vQM/N0B1PmoqVUqgHP+EeVjmZSQn+1oCRPxd2P21P2F19lIgbR3HBosbB1PUhOAoctJnfEn2GbN2eZA==}
    engines: {node: '>=18'}
    dependencies:
      '@sec-ant/readable-stream': 0.4.1
      is-stream: 4.0.1
    dev: false

  /graceful-fs/4.2.11:
    resolution: {integrity: sha512-RbJ5/jmFcNNCcDV5o9eTnBLJ/HszWV0P73bc+Ff4nS/rJj+YaS6IGyiOL0VoBYX+l1Wrl3k63h/KrH+nhJ0XvQ==}
    dev: false

  /html-entities/2.6.0:
    resolution: {integrity: sha512-kig+rMn/QOVRvr7c86gQ8lWXq+Hkv6CbAH1hLu+RG338StTpE8Z0b44SDVaqVu7HGKf27frdmUYEs9hTUX/cLQ==}
    dev: false

  /human-signals/8.0.1:
    resolution: {integrity: sha512-eKCa6bwnJhvxj14kZk5NCPc6Hb6BdsU9DZcOnmQKSnO1VKrfV0zCvtttPZUsBvjmNDn8rpcJfpwSYnHBjc95MQ==}
    engines: {node: '>=18.18.0'}
    dev: false

  /iconv-lite/0.7.0:
    resolution: {integrity: sha512-cf6L2Ds3h57VVmkZe+Pn+5APsT7FpqJtEhhieDCvrE2MK5Qk9MyffgQyuxQTm6BChfeZNtcOLHp9IcWRVcIcBQ==}
    engines: {node: '>=0.10.0'}
    dependencies:
      safer-buffer: 2.1.2
    dev: false

  /inquirer/12.10.0:
    resolution: {integrity: sha512-K/epfEnDBZj2Q3NMDcgXWZye3nhSPeoJnOh8lcKWrldw54UEZfS4EmAMsAsmVbl7qKi+vjAsy39Sz4fbgRMewg==}
    engines: {node: '>=18'}
    peerDependencies:
      '@types/node': '>=18'
    peerDependenciesMeta:
      '@types/node':
        optional: true
    dependencies:
      '@inquirer/ansi': 1.0.1
      '@inquirer/core': 10.3.0
      '@inquirer/prompts': 7.9.0
      '@inquirer/type': 3.0.9
      mute-stream: 2.0.0
      run-async: 4.0.6
      rxjs: 7.8.2
    dev: false

  /is-fullwidth-code-point/3.0.0:
    resolution: {integrity: sha512-zymm5+u+sCsSWyD9qNaejV3DFvhCKclKdizYaJUuHA83RLjb7nSuGnddCHGv0hk+KY7BMAlsWeK4Ueg6EV6XQg==}
    engines: {node: '>=8'}
    dev: false

  /is-interactive/2.0.0:
    resolution: {integrity: sha512-qP1vozQRI+BMOPcjFzrjXuQvdak2pHNUMZoeG2eRbiSqyvbEf/wQtEOTOX1guk6E3t36RkaqiSt8A/6YElNxLQ==}
    engines: {node: '>=12'}
    dev: false

  /is-plain-obj/4.1.0:
    resolution: {integrity: sha512-+Pgi+vMuUNkJyExiMBt5IlFoMyKnr5zhJ4Uspz58WOhBF5QoIZkFyNHIbBAtHwzVAgk5RtndVNsDRN61/mmDqg==}
    engines: {node: '>=12'}
    dev: false

  /is-stream/4.0.1:
    resolution: {integrity: sha512-Dnz92NInDqYckGEUJv689RbRiTSEHCQ7wOVeALbkOz999YpqT46yMRIGtSNl2iCL1waAZSx40+h59NV/EwzV/A==}
    engines: {node: '>=18'}
    dev: false

  /is-unicode-supported/1.3.0:
    resolution: {integrity: sha512-43r2mRvz+8JRIKnWJ+3j8JtjRKZ6GmjzfaE/qiBJnikNnYv/6bagRJ1kUhNk8R5EX/GkobD+r+sfxCPJsiKBLQ==}
    engines: {node: '>=12'}
    dev: false

  /is-unicode-supported/2.1.0:
    resolution: {integrity: sha512-mE00Gnza5EEB3Ds0HfMyllZzbBrmLOX3vfWoj9A9PEnTfratQ/BcaJOuMhnkhjXvb2+FkY3VuHqtAGpTPmglFQ==}
    engines: {node: '>=18'}
    dev: false

  /isexe/2.0.0:
    resolution: {integrity: sha512-RHxMLp9lnKHGHRng9QFhRCMbYAcVpn69smSGcq3f36xjgVVWThj4qqLbTLlq7Ssj8B+fIQ1EuCEGI2lKsyQeIw==}
    dev: false

  /jiti/2.6.1:
    resolution: {integrity: sha512-ekilCSN1jwRvIbgeg/57YFh8qQDNbwDb9xT/qu2DAHbFFZUicIl4ygVaAvzveMhMVr3LnpSKTNnwt8PoOfmKhQ==}
    hasBin: true

  /jsonfile/6.2.0:
    resolution: {integrity: sha512-FGuPw30AdOIUTRMC2OMRtQV+jkVj2cfPqSeWXv1NEAJ1qZ5zb1X6z1mFhbfOB/iy3ssJCD+3KuZ8r8C3uVFlAg==}
    dependencies:
      universalify: 2.0.1
    optionalDependencies:
      graceful-fs: 4.2.11
    dev: false

  /log-symbols/6.0.0:
    resolution: {integrity: sha512-i24m8rpwhmPIS4zscNzK6MSEhk0DUWa/8iYQWxhffV8jkI4Phvs3F+quL5xvS0gdQR0FyTCMMH33Y78dDTzzIw==}
    engines: {node: '>=18'}
    dependencies:
      chalk: 5.6.2
      is-unicode-supported: 1.3.0
    dev: false

  /mimic-function/5.0.1:
    resolution: {integrity: sha512-VP79XUPxV2CigYP3jWwAUFSku2aKqBH7uTAapFWCBqutsbmDo96KY5o8uh6U+/YSIn5OxJnXp73beVkpqMIGhA==}
    engines: {node: '>=18'}
    dev: false

  /mute-stream/2.0.0:
    resolution: {integrity: sha512-WWdIxpyjEn+FhQJQQv9aQAYlHoNVdzIzUySNV1gHUPDSdZJ3yZn7pAAbQcV7B56Mvu881q9FZV+0Vx2xC44VWA==}
    engines: {node: ^18.17.0 || >=20.5.0}
    dev: false

  /npm-run-path/6.0.0:
    resolution: {integrity: sha512-9qny7Z9DsQU8Ou39ERsPU4OZQlSTP47ShQzuKZ6PRXpYLtIFgl/DEBYEXKlvcEa+9tHVcK8CF81Y2V72qaZhWA==}
    engines: {node: '>=18'}
    dependencies:
      path-key: 4.0.0
      unicorn-magic: 0.3.0
    dev: false

  /onetime/7.0.0:
    resolution: {integrity: sha512-VXJjc87FScF88uafS3JllDgvAm+c/Slfz06lorj2uAY34rlUu0Nt+v8wreiImcrgAjjIHp1rXpTDlLOGw29WwQ==}
    engines: {node: '>=18'}
    dependencies:
      mimic-function: 5.0.1
    dev: false

  /ora/8.2.0:
    resolution: {integrity: sha512-weP+BZ8MVNnlCm8c0Qdc1WSWq4Qn7I+9CJGm7Qali6g44e/PUzbjNqJX5NJ9ljlNMosfJvg1fKEGILklK9cwnw==}
    engines: {node: '>=18'}
    dependencies:
      chalk: 5.6.2
      cli-cursor: 5.0.0
      cli-spinners: 2.9.2
      is-interactive: 2.0.0
      is-unicode-supported: 2.1.0
      log-symbols: 6.0.0
      stdin-discarder: 0.2.2
      string-width: 7.2.0
      strip-ansi: 7.1.2
    dev: false

  /parse-ms/4.0.0:
    resolution: {integrity: sha512-TXfryirbmq34y8QBwgqCVLi+8oA3oWx2eAnSn62ITyEhEYaWRlVZ2DvMM9eZbMs/RfxPu/PK/aBLyGj4IrqMHw==}
    engines: {node: '>=18'}
    dev: false

  /path-key/3.1.1:
    resolution: {integrity: sha512-ojmeN0qd+y0jszEtoY48r0Peq5dwMEkIlCOu6Q5f41lfkswXuKtYrhgoTpLnyIcHm24Uhqx+5Tqm2InSwLhE6Q==}
    engines: {node: '>=8'}
    dev: false

  /path-key/4.0.0:
    resolution: {integrity: sha512-haREypq7xkM7ErfgIyA0z+Bj4AGKlMSdlQE2jvJo6huWD1EdkKYV+G/T4nq0YEF2vgTT8kqMFKo1uHn950r4SQ==}
    engines: {node: '>=12'}
    dev: false

  /pretty-ms/9.3.0:
    resolution: {integrity: sha512-gjVS5hOP+M3wMm5nmNOucbIrqudzs9v/57bWRHQWLYklXqoXKrVfYW2W9+glfGsqtPgpiz5WwyEEB+ksXIx3gQ==}
    engines: {node: '>=18'}
    dependencies:
      parse-ms: 4.0.0
    dev: false

  /react-refresh/0.17.0:
    resolution: {integrity: sha512-z6F7K9bV85EfseRCp2bzrpyQ0Gkw1uLoCel9XBVWPg/TjRj94SkJzUTGfOa4bs7iJvBWtQG0Wq7wnI0syw3EBQ==}
    engines: {node: '>=0.10.0'}
    dev: false

  /restore-cursor/5.1.0:
    resolution: {integrity: sha512-oMA2dcrw6u0YfxJQXm342bFKX/E4sG9rbTzO9ptUcR/e8A33cHuvStiYOwH7fszkZlZ1z/ta9AAoPk2F4qIOHA==}
    engines: {node: '>=18'}
    dependencies:
      onetime: 7.0.0
      signal-exit: 4.1.0
    dev: false

  /rsbuild-plugin-dts/0.16.1_@rsbuild+core@1.6.0-beta.1:
    resolution: {integrity: sha512-2/5ihqhc6q42gor9KsS+Kyeqv3hY3wt65tsL7gIRLjjBrlrVeo2MIyTjXcFpJ6hgLslJzm2KITpIDr9nxs30CA==}
    engines: {node: '>=18.12.0'}
    peerDependencies:
      '@microsoft/api-extractor': ^7
      '@rsbuild/core': 1.x
      '@typescript/native-preview': 7.x
      typescript: ^5
    peerDependenciesMeta:
      '@microsoft/api-extractor':
        optional: true
      '@typescript/native-preview':
        optional: true
      typescript:
        optional: true
    dependencies:
      '@ast-grep/napi': 0.37.0
      '@rsbuild/core': 1.6.0-beta.1
    dev: true

  /run-async/4.0.6:
    resolution: {integrity: sha512-IoDlSLTs3Yq593mb3ZoKWKXMNu3UpObxhgA/Xuid5p4bbfi2jdY1Hj0m1K+0/tEuQTxIGMhQDqGjKb7RuxGpAQ==}
    engines: {node: '>=0.12.0'}
    dev: false

  /rxjs/7.8.2:
    resolution: {integrity: sha512-dhKf903U/PQZY6boNNtAGdWbG85WAbjT/1xYoZIC7FAY0yWapOBQVsVrDl58W86//e1VpMNBtRV4MaXfdMySFA==}
    dependencies:
      tslib: 2.8.1
    dev: false

  /safer-buffer/2.1.2:
    resolution: {integrity: sha512-YZo3K82SD7Riyi0E1EQPojLz7kpepnSQI9IyPbHHg1XXXevb5dJI7tpyN2ADxGcQbHG7vcyRHk0cbwqcQriUtg==}
    dev: false

  /shebang-command/2.0.0:
    resolution: {integrity: sha512-kHxr2zZpYtdmrN1qDjrrX/Z1rR1kG8Dx+gkpK1G4eXmvXswmcE1hTWBWYUzlraYw1/yZp6YuDY77YtvbN0dmDA==}
    engines: {node: '>=8'}
    dependencies:
      shebang-regex: 3.0.0
    dev: false

  /shebang-regex/3.0.0:
    resolution: {integrity: sha512-7++dFhtcx3353uBaq8DDR4NuxBetBzC7ZQOhmTQInHEd6bSrXdiEyzCvG07Z44UYdLShWUyXt5M/yhz8ekcb1A==}
    engines: {node: '>=8'}
    dev: false

  /signal-exit/4.1.0:
    resolution: {integrity: sha512-bzyZ1e88w9O1iNJbKnOlvYTrWPDl46O1bG0D3XInv+9tkPrxrN8jUUTiFlDkkmKWgn1M6CfIA13SuGqOa9Korw==}
    engines: {node: '>=14'}
    dev: false

  /stackframe/1.3.4:
    resolution: {integrity: sha512-oeVtt7eWQS+Na6F//S4kJ2K2VbRlS9D43mAlMyVpVWovy9o+jfgH8O9agzANzaiLjclA0oYzUXEM4PurhSUChw==}
    dev: false

  /stdin-discarder/0.2.2:
    resolution: {integrity: sha512-UhDfHmA92YAlNnCfhmq0VeNL5bDbiZGg7sZ2IvPsXubGkiNa9EC+tUTsjBRsYUAz87btI6/1wf4XoVvQ3uRnmQ==}
    engines: {node: '>=18'}
    dev: false

  /string-width/4.2.3:
    resolution: {integrity: sha512-wKyQRQpjJ0sIp62ErSZdGsjMJWsap5oRNihHhu6G7JVO/9jIB6UyevL+tXuOqrng8j/cxKTWyWUwvSTriiZz/g==}
    engines: {node: '>=8'}
    dependencies:
      emoji-regex: 8.0.0
      is-fullwidth-code-point: 3.0.0
      strip-ansi: 6.0.1
    dev: false

  /string-width/7.2.0:
    resolution: {integrity: sha512-tsaTIkKW9b4N+AEj+SVA+WhJzV7/zMhcSu78mLKWSk7cXMOSHsBKFWUs0fWwq8QyK3MgJBQRX6Gbi4kYbdvGkQ==}
    engines: {node: '>=18'}
    dependencies:
      emoji-regex: 10.6.0
      get-east-asian-width: 1.4.0
      strip-ansi: 7.1.2
    dev: false

  /strip-ansi/6.0.1:
    resolution: {integrity: sha512-Y38VPSHcqkFrCpFnQ9vuSXmquuv5oXOKpGeT6aGrr3o3Gc9AlVa6JBfUSOCnbxGGZF+/0ooI7KrPuUSztUdU5A==}
    engines: {node: '>=8'}
    dependencies:
      ansi-regex: 5.0.1
    dev: false

  /strip-ansi/7.1.2:
    resolution: {integrity: sha512-gmBGslpoQJtgnMAvOVqGZpEz9dyoKTCzy2nfz/n8aIFhN/jCE/rCmcxabB6jOOHV+0WNnylOxaxBQPSvcWklhA==}
    engines: {node: '>=12'}
    dependencies:
      ansi-regex: 6.2.2
    dev: false

  /strip-final-newline/4.0.0:
    resolution: {integrity: sha512-aulFJcD6YK8V1G7iRB5tigAP4TsHBZZrOV8pjV++zdUwmeV8uzbY7yn6h9MswN62adStNZFuCIx4haBnRuMDaw==}
    engines: {node: '>=18'}
    dev: false

  /tslib/2.8.1:
    resolution: {integrity: sha512-oJFu94HQb+KVduSUQL7wnpmqnfmLsOA/nAh6b6EH0wCEoK0/mPeXU6c3wKDV83MkOuHPRHtSXKKU99IBazS/2w==}

  /unicorn-magic/0.3.0:
    resolution: {integrity: sha512-+QBBXBCvifc56fsbuxZQ6Sic3wqqc3WWaqxs58gvJrcOuN83HGTCwz3oS5phzU9LthRNE9VrJCFCLUgHeeFnfA==}
    engines: {node: '>=18'}
    dev: false

  /universalify/2.0.1:
    resolution: {integrity: sha512-gptHNQghINnc/vTGIk0SOFGFNXw7JVrlRUtConJRlvaw6DuX0wO5Jeko9sWrMBhh+PsYAZ7oXAiOnf/UKogyiw==}
    engines: {node: '>= 10.0.0'}
    dev: false

  /which/2.0.2:
    resolution: {integrity: sha512-BLI3Tl1TW3Pvl70l3yq3Y64i+awpwXqsGBYWkkqMtnbXgrMD+yj7rhW0kuEDxzJaYXGjEW5ogapKNMEKNMjibA==}
    engines: {node: '>= 8'}
    hasBin: true
    dependencies:
      isexe: 2.0.0
    dev: false

  /wrap-ansi/6.2.0:
    resolution: {integrity: sha512-r6lPcBGxZXlIcymEu7InxDMhdW0KDxpLgoFLcguasxCaJ/SOIZwINatK9KY/tf+ZrlywOKU0UDj3ATXUBfxJXA==}
    engines: {node: '>=8'}
    dependencies:
      ansi-styles: 4.3.0
      string-width: 4.2.3
      strip-ansi: 6.0.1
    dev: false

  /yoctocolors-cjs/2.1.3:
    resolution: {integrity: sha512-U/PBtDf35ff0D8X8D0jfdzHYEPFxAI7jJlxZXwCSez5M3190m+QobIfh+sWDWSHMCWWJN2AWamkegn6vr6YBTw==}
    engines: {node: '>=18'}
    dev: false

  /yoctocolors/2.1.2:
    resolution: {integrity: sha512-CzhO+pFNo8ajLM2d2IW/R93ipy99LWjtwblvC1RsoSUMZgyLbYFr221TnSNT7GjGdYui6P459mw9JH/g/zW2ug==}
    engines: {node: '>=18'}
    dev: false
