lockfileVersion: '9.0'

settings:
  autoInstallPeers: true
  excludeLinksFromLockfile: false

overrides:
  e-micro-cli: link:../../../../../../Library/pnpm/global/5/node_modules/e-micro-cli

importers:

  .:
    dependencies:
      '@rsbuild/core':
        specifier: ^1.5.17
        version: 1.6.15
      '@rsbuild/plugin-react':
        specifier: ^1.4.1
        version: 1.4.2(@rsbuild/core@1.6.15)
      '@rspack/core':
        specifier: ^1.6.8
        version: 1.6.8(@swc/helpers@0.5.17)
      chalk:
        specifier: ^5.6.2
        version: 5.6.2
      commander:
        specifier: ^14.0.2
        version: 14.0.2
      e-micro-cli:
        specifier: link:../../../../../../Library/pnpm/global/5/node_modules/e-micro-cli
        version: link:../../../../../../Library/pnpm/global/5/node_modules/e-micro-cli
      execa:
        specifier: ^9.6.0
        version: 9.6.1
      fs-extra:
        specifier: ^11.3.2
        version: 11.3.3
      inquirer:
        specifier: ^12.10.0
        version: 12.11.1
      ora:
        specifier: '8'
        version: 8.2.0
    devDependencies:
      '@biomejs/biome':
        specifier: 2.2.3
        version: 2.2.3
      '@rslib/core':
        specifier: ^0.16.1
        version: 0.16.1

packages:

  '@ast-grep/napi-darwin-arm64@0.37.0':
    resolution: {integrity: sha512-QAiIiaAbLvMEg/yBbyKn+p1gX2/FuaC0SMf7D7capm/oG4xGMzdeaQIcSosF4TCxxV+hIH4Bz9e4/u7w6Bnk3Q==}
    engines: {node: '>= 10'}
    cpu: [arm64]
    os: [darwin]

  '@ast-grep/napi-darwin-x64@0.37.0':
    resolution: {integrity: sha512-zvcvdgekd4ySV3zUbUp8HF5nk5zqwiMXTuVzTUdl/w08O7JjM6XPOIVT+d2o/MqwM9rsXdzdergY5oY2RdhSPA==}
    engines: {node: '>= 10'}
    cpu: [x64]
    os: [darwin]

  '@ast-grep/napi-linux-arm64-gnu@0.37.0':
    resolution: {integrity: sha512-L7Sj0lXy8X+BqSMgr1LB8cCoWk0rericdeu+dC8/c8zpsav5Oo2IQKY1PmiZ7H8IHoFBbURLf8iklY9wsD+cyA==}
    engines: {node: '>= 10'}
    cpu: [arm64]
    os: [linux]
    libc: [glibc]

  '@ast-grep/napi-linux-arm64-musl@0.37.0':
    resolution: {integrity: sha512-LF9sAvYy6es/OdyJDO3RwkX3I82Vkfsng1sqUBcoWC1jVb1wX5YVzHtpQox9JrEhGl+bNp7FYxB4Qba9OdA5GA==}
    engines: {node: '>= 10'}
    cpu: [arm64]
    os: [linux]
    libc: [musl]

  '@ast-grep/napi-linux-x64-gnu@0.37.0':
    resolution: {integrity: sha512-TViz5/klqre6aSmJzswEIjApnGjJzstG/SE8VDWsrftMBMYt2PTu3MeluZVwzSqDao8doT/P+6U11dU05UOgxw==}
    engines: {node: '>= 10'}
    cpu: [x64]
    os: [linux]
    libc: [glibc]

  '@ast-grep/napi-linux-x64-musl@0.37.0':
    resolution: {integrity: sha512-/BcCH33S9E3ovOAEoxYngUNXgb+JLg991sdyiNP2bSoYd30a9RHrG7CYwW6fMgua3ijQ474eV6cq9yZO1bCpXg==}
    engines: {node: '>= 10'}
    cpu: [x64]
    os: [linux]
    libc: [musl]

  '@ast-grep/napi-win32-arm64-msvc@0.37.0':
    resolution: {integrity: sha512-TjQA4cFoIEW2bgjLkaL9yqT4XWuuLa5MCNd0VCDhGRDMNQ9+rhwi9eLOWRaap3xzT7g+nlbcEHL3AkVCD2+b3A==}
    engines: {node: '>= 10'}
    cpu: [arm64]
    os: [win32]

  '@ast-grep/napi-win32-ia32-msvc@0.37.0':
    resolution: {integrity: sha512-uNmVka8fJCdYsyOlF9aZqQMLTatEYBynjChVTzUfFMDfmZ0bihs/YTqJVbkSm8TZM7CUX82apvn50z/dX5iWRA==}
    engines: {node: '>= 10'}
    cpu: [ia32]
    os: [win32]

  '@ast-grep/napi-win32-x64-msvc@0.37.0':
    resolution: {integrity: sha512-vCiFOT3hSCQuHHfZ933GAwnPzmL0G04JxQEsBRfqONywyT8bSdDc/ECpAfr3S9VcS4JZ9/F6tkePKW/Om2Dq2g==}
    engines: {node: '>= 10'}
    cpu: [x64]
    os: [win32]

  '@ast-grep/napi@0.37.0':
    resolution: {integrity: sha512-Hb4o6h1Pf6yRUAX07DR4JVY7dmQw+RVQMW5/m55GoiAT/VRoKCWBtIUPPOnqDVhbx1Cjfil9b6EDrgJsUAujEQ==}
    engines: {node: '>= 10'}

  '@biomejs/biome@2.2.3':
    resolution: {integrity: sha512-9w0uMTvPrIdvUrxazZ42Ib7t8Y2yoGLKLdNne93RLICmaHw7mcLv4PPb5LvZLJF3141gQHiCColOh/v6VWlWmg==}
    engines: {node: '>=14.21.3'}
    hasBin: true

  '@biomejs/cli-darwin-arm64@2.2.3':
    resolution: {integrity: sha512-OrqQVBpadB5eqzinXN4+Q6honBz+tTlKVCsbEuEpljK8ASSItzIRZUA02mTikl3H/1nO2BMPFiJ0nkEZNy3B1w==}
    engines: {node: '>=14.21.3'}
    cpu: [arm64]
    os: [darwin]

  '@biomejs/cli-darwin-x64@2.2.3':
    resolution: {integrity: sha512-OCdBpb1TmyfsTgBAM1kPMXyYKTohQ48WpiN9tkt9xvU6gKVKHY4oVwteBebiOqyfyzCNaSiuKIPjmHjUZ2ZNMg==}
    engines: {node: '>=14.21.3'}
    cpu: [x64]
    os: [darwin]

  '@biomejs/cli-linux-arm64-musl@2.2.3':
    resolution: {integrity: sha512-q3w9jJ6JFPZPeqyvwwPeaiS/6NEszZ+pXKF+IczNo8Xj6fsii45a4gEEicKyKIytalV+s829ACZujQlXAiVLBQ==}
    engines: {node: '>=14.21.3'}
    cpu: [arm64]
    os: [linux]
    libc: [musl]

  '@biomejs/cli-linux-arm64@2.2.3':
    resolution: {integrity: sha512-g/Uta2DqYpECxG+vUmTAmUKlVhnGEcY7DXWgKP8ruLRa8Si1QHsWknPY3B/wCo0KgYiFIOAZ9hjsHfNb9L85+g==}
    engines: {node: '>=14.21.3'}
    cpu: [arm64]
    os: [linux]
    libc: [glibc]

  '@biomejs/cli-linux-x64-musl@2.2.3':
    resolution: {integrity: sha512-y76Dn4vkP1sMRGPFlNc+OTETBhGPJ90jY3il6jAfur8XWrYBQV3swZ1Jo0R2g+JpOeeoA0cOwM7mJG6svDz79w==}
    engines: {node: '>=14.21.3'}
    cpu: [x64]
    os: [linux]
    libc: [musl]

  '@biomejs/cli-linux-x64@2.2.3':
    resolution: {integrity: sha512-LEtyYL1fJsvw35CxrbQ0gZoxOG3oZsAjzfRdvRBRHxOpQ91Q5doRVjvWW/wepgSdgk5hlaNzfeqpyGmfSD0Eyw==}
    engines: {node: '>=14.21.3'}
    cpu: [x64]
    os: [linux]
    libc: [glibc]

  '@biomejs/cli-win32-arm64@2.2.3':
    resolution: {integrity: sha512-Ms9zFYzjcJK7LV+AOMYnjN3pV3xL8Prxf9aWdDVL74onLn5kcvZ1ZMQswE5XHtnd/r/0bnUd928Rpbs14BzVmA==}
    engines: {node: '>=14.21.3'}
    cpu: [arm64]
    os: [win32]

  '@biomejs/cli-win32-x64@2.2.3':
    resolution: {integrity: sha512-gvCpewE7mBwBIpqk1YrUqNR4mCiyJm6UI3YWQQXkedSSEwzRdodRpaKhbdbHw1/hmTWOVXQ+Eih5Qctf4TCVOQ==}
    engines: {node: '>=14.21.3'}
    cpu: [x64]
    os: [win32]

  '@emnapi/core@1.7.1':
    resolution: {integrity: sha512-o1uhUASyo921r2XtHYOHy7gdkGLge8ghBEQHMWmyJFoXlpU58kIrhhN3w26lpQb6dspetweapMn2CSNwQ8I4wg==}

  '@emnapi/runtime@1.7.1':
    resolution: {integrity: sha512-PVtJr5CmLwYAU9PZDMITZoR5iAOShYREoR45EyyLrbntV50mdePTgUn4AmOw90Ifcj+x2kRjdzr1HP3RrNiHGA==}

  '@emnapi/wasi-threads@1.1.0':
    resolution: {integrity: sha512-WI0DdZ8xFSbgMjR1sFsKABJ/C5OnRrjT06JXbZKexJGrDuPTzZdDYfFlsgcCXCyf+suG5QU2e/y1Wo2V/OapLQ==}

  '@inquirer/ansi@1.0.2':
    resolution: {integrity: sha512-S8qNSZiYzFd0wAcyG5AXCvUHC5Sr7xpZ9wZ2py9XR88jUz8wooStVx5M6dRzczbBWjic9NP7+rY0Xi7qqK/aMQ==}
    engines: {node: '>=18'}

  '@inquirer/checkbox@4.3.2':
    resolution: {integrity: sha512-VXukHf0RR1doGe6Sm4F0Em7SWYLTHSsbGfJdS9Ja2bX5/D5uwVOEjr07cncLROdBvmnvCATYEWlHqYmXv2IlQA==}
    engines: {node: '>=18'}
    peerDependencies:
      '@types/node': '>=18'
    peerDependenciesMeta:
      '@types/node':
        optional: true

  '@inquirer/confirm@5.1.21':
    resolution: {integrity: sha512-KR8edRkIsUayMXV+o3Gv+q4jlhENF9nMYUZs9PA2HzrXeHI8M5uDag70U7RJn9yyiMZSbtF5/UexBtAVtZGSbQ==}
    engines: {node: '>=18'}
    peerDependencies:
      '@types/node': '>=18'
    peerDependenciesMeta:
      '@types/node':
        optional: true

  '@inquirer/core@10.3.2':
    resolution: {integrity: sha512-43RTuEbfP8MbKzedNqBrlhhNKVwoK//vUFNW3Q3vZ88BLcrs4kYpGg+B2mm5p2K/HfygoCxuKwJJiv8PbGmE0A==}
    engines: {node: '>=18'}
    peerDependencies:
      '@types/node': '>=18'
    peerDependenciesMeta:
      '@types/node':
        optional: true

  '@inquirer/editor@4.2.23':
    resolution: {integrity: sha512-aLSROkEwirotxZ1pBaP8tugXRFCxW94gwrQLxXfrZsKkfjOYC1aRvAZuhpJOb5cu4IBTJdsCigUlf2iCOu4ZDQ==}
    engines: {node: '>=18'}
    peerDependencies:
      '@types/node': '>=18'
    peerDependenciesMeta:
      '@types/node':
        optional: true

  '@inquirer/expand@4.0.23':
    resolution: {integrity: sha512-nRzdOyFYnpeYTTR2qFwEVmIWypzdAx/sIkCMeTNTcflFOovfqUk+HcFhQQVBftAh9gmGrpFj6QcGEqrDMDOiew==}
    engines: {node: '>=18'}
    peerDependencies:
      '@types/node': '>=18'
    peerDependenciesMeta:
      '@types/node':
        optional: true

  '@inquirer/external-editor@1.0.3':
    resolution: {integrity: sha512-RWbSrDiYmO4LbejWY7ttpxczuwQyZLBUyygsA9Nsv95hpzUWwnNTVQmAq3xuh7vNwCp07UTmE5i11XAEExx4RA==}
    engines: {node: '>=18'}
    peerDependencies:
      '@types/node': '>=18'
    peerDependenciesMeta:
      '@types/node':
        optional: true

  '@inquirer/figures@1.0.15':
    resolution: {integrity: sha512-t2IEY+unGHOzAaVM5Xx6DEWKeXlDDcNPeDyUpsRc6CUhBfU3VQOEl+Vssh7VNp1dR8MdUJBWhuObjXCsVpjN5g==}
    engines: {node: '>=18'}

  '@inquirer/input@4.3.1':
    resolution: {integrity: sha512-kN0pAM4yPrLjJ1XJBjDxyfDduXOuQHrBB8aLDMueuwUGn+vNpF7Gq7TvyVxx8u4SHlFFj4trmj+a2cbpG4Jn1g==}
    engines: {node: '>=18'}
    peerDependencies:
      '@types/node': '>=18'
    peerDependenciesMeta:
      '@types/node':
        optional: true

  '@inquirer/number@3.0.23':
    resolution: {integrity: sha512-5Smv0OK7K0KUzUfYUXDXQc9jrf8OHo4ktlEayFlelCjwMXz0299Y8OrI+lj7i4gCBY15UObk76q0QtxjzFcFcg==}
    engines: {node: '>=18'}
    peerDependencies:
      '@types/node': '>=18'
    peerDependenciesMeta:
      '@types/node':
        optional: true

  '@inquirer/password@4.0.23':
    resolution: {integrity: sha512-zREJHjhT5vJBMZX/IUbyI9zVtVfOLiTO66MrF/3GFZYZ7T4YILW5MSkEYHceSii/KtRk+4i3RE7E1CUXA2jHcA==}
    engines: {node: '>=18'}
    peerDependencies:
      '@types/node': '>=18'
    peerDependenciesMeta:
      '@types/node':
        optional: true

  '@inquirer/prompts@7.10.1':
    resolution: {integrity: sha512-Dx/y9bCQcXLI5ooQ5KyvA4FTgeo2jYj/7plWfV5Ak5wDPKQZgudKez2ixyfz7tKXzcJciTxqLeK7R9HItwiByg==}
    engines: {node: '>=18'}
    peerDependencies:
      '@types/node': '>=18'
    peerDependenciesMeta:
      '@types/node':
        optional: true

  '@inquirer/rawlist@4.1.11':
    resolution: {integrity: sha512-+LLQB8XGr3I5LZN/GuAHo+GpDJegQwuPARLChlMICNdwW7OwV2izlCSCxN6cqpL0sMXmbKbFcItJgdQq5EBXTw==}
    engines: {node: '>=18'}
    peerDependencies:
      '@types/node': '>=18'
    peerDependenciesMeta:
      '@types/node':
        optional: true

  '@inquirer/search@3.2.2':
    resolution: {integrity: sha512-p2bvRfENXCZdWF/U2BXvnSI9h+tuA8iNqtUKb9UWbmLYCRQxd8WkvwWvYn+3NgYaNwdUkHytJMGG4MMLucI1kA==}
    engines: {node: '>=18'}
    peerDependencies:
      '@types/node': '>=18'
    peerDependenciesMeta:
      '@types/node':
        optional: true

  '@inquirer/select@4.4.2':
    resolution: {integrity: sha512-l4xMuJo55MAe+N7Qr4rX90vypFwCajSakx59qe/tMaC1aEHWLyw68wF4o0A4SLAY4E0nd+Vt+EyskeDIqu1M6w==}
    engines: {node: '>=18'}
    peerDependencies:
      '@types/node': '>=18'
    peerDependenciesMeta:
      '@types/node':
        optional: true

  '@inquirer/type@3.0.10':
    resolution: {integrity: sha512-BvziSRxfz5Ov8ch0z/n3oijRSEcEsHnhggm4xFZe93DHcUCTlutlq9Ox4SVENAfcRD22UQq7T/atg9Wr3k09eA==}
    engines: {node: '>=18'}
    peerDependencies:
      '@types/node': '>=18'
    peerDependenciesMeta:
      '@types/node':
        optional: true

  '@module-federation/error-codes@0.21.1':
    resolution: {integrity: sha512-h1brnwR9AbwMu1P7ZoJJ9j2O2XWkuMh5p03WhXI1vNEdl3xJheSAvH8RjG8FoKRccVgMnUNDQ+vDVwevUBms/A==}

  '@module-federation/error-codes@0.21.6':
    resolution: {integrity: sha512-MLJUCQ05KnoVl8xd6xs9a5g2/8U+eWmVxg7xiBMeR0+7OjdWUbHwcwgVFatRIwSZvFgKHfWEiI7wsU1q1XbTRQ==}

  '@module-federation/runtime-core@0.21.1':
    resolution: {integrity: sha512-COob5bepqDc9mKjTziXbQd4WQMCTzhc0cuXyraZhYddYcjcepzZrMpDIXG1x5p+gdg5p1vsGNWt/ZcU8cFh/pg==}

  '@module-federation/runtime-core@0.21.6':
    resolution: {integrity: sha512-5Hd1Y5qp5lU/aTiK66lidMlM/4ji2gr3EXAtJdreJzkY+bKcI5+21GRcliZ4RAkICmvdxQU5PHPL71XmNc7Lsw==}

  '@module-federation/runtime-tools@0.21.1':
    resolution: {integrity: sha512-uQmammw3Osg8370yiRqZwKo7eA5zkyml9pAX9x4oS9QAkEBvQpDogERlF9f7gAgcP2P3v+xLg3/bCdquD0gt8A==}

  '@module-federation/runtime-tools@0.21.6':
    resolution: {integrity: sha512-fnP+ZOZTFeBGiTAnxve+axGmiYn2D60h86nUISXjXClK3LUY1krUfPgf6MaD4YDJ4i51OGXZWPekeMe16pkd8Q==}

  '@module-federation/runtime@0.21.1':
    resolution: {integrity: sha512-sfBrP0gEPwXPEiREVKVd0IjEWXtr3G/i7EUZVWTt4D491nNpswog/kuKFatGmhcBb+9uD5v9rxFgmIbgL9njnQ==}

  '@module-federation/runtime@0.21.6':
    resolution: {integrity: sha512-+caXwaQqwTNh+CQqyb4mZmXq7iEemRDrTZQGD+zyeH454JAYnJ3s/3oDFizdH6245pk+NiqDyOOkHzzFQorKhQ==}

  '@module-federation/sdk@0.21.1':
    resolution: {integrity: sha512-1cHMrmCCao3NMFM4BkA0GDt4rbYbyneHct5E4z68cu5UBUnI3L/UboP5VNM8lkYMO1nCR8M0FcLkLhK35Nt48A==}

  '@module-federation/sdk@0.21.6':
    resolution: {integrity: sha512-x6hARETb8iqHVhEsQBysuWpznNZViUh84qV2yE7AD+g7uIzHKiYdoWqj10posbo5XKf/147qgWDzKZoKoEP2dw==}

  '@module-federation/webpack-bundler-runtime@0.21.1':
    resolution: {integrity: sha512-yyXX6ugTV07pMxMzAHt6/JDwblS3f1NDyUI7l44CyYgXpl2ItEEUs5aj5h/5xU1c9Px7M//KkY3qW+InW4tR/A==}

  '@module-federation/webpack-bundler-runtime@0.21.6':
    resolution: {integrity: sha512-7zIp3LrcWbhGuFDTUMLJ2FJvcwjlddqhWGxi/MW3ur1a+HaO8v5tF2nl+vElKmbG1DFLU/52l3PElVcWf/YcsQ==}

  '@napi-rs/wasm-runtime@1.0.7':
    resolution: {integrity: sha512-SeDnOO0Tk7Okiq6DbXmmBODgOAb9dp9gjlphokTUxmt8U3liIP1ZsozBahH69j/RJv+Rfs6IwUKHTgQYJ/HBAw==}

  '@rsbuild/core@1.6.0-beta.1':
    resolution: {integrity: sha512-UjQnvXDW9m/hS4DP66ubGIMVjK2PzYx8tzgiinrO0kjNCr9i8KWuJSJGUWyczFMpSsXxp20LnuTxtx7kiGiYdA==}
    engines: {node: '>=18.12.0'}
    hasBin: true

  '@rsbuild/core@1.6.15':
    resolution: {integrity: sha512-LvoOF53PL6zXgdzEhgnnP51S4FseDFH1bHrobK4EK6zZX/tN8qgf5tdlmN7h4OkMv/Qs1oUfvj0QcLWSstnnvA==}
    engines: {node: '>=18.12.0'}
    hasBin: true

  '@rsbuild/plugin-react@1.4.2':
    resolution: {integrity: sha512-2rJb5mOuqVof2aDq4SbB1E65+0n1vjhAADipC88jvZRNuTOulg79fh7R4tsCiBMI4VWq46gSpwekiK8G5bq6jg==}
    peerDependencies:
      '@rsbuild/core': 1.x

  '@rslib/core@0.16.1':
    resolution: {integrity: sha512-KhZwWO4kcP4PPdBH2aAgg/A6FYapbDh2rhsxo8dqOOPWCjDFU3QKAYPieKg+k4IrRQlye8AWOXo2rbyF4FC01g==}
    engines: {node: '>=18.12.0'}
    hasBin: true
    peerDependencies:
      '@microsoft/api-extractor': ^7
      typescript: ^5
    peerDependenciesMeta:
      '@microsoft/api-extractor':
        optional: true
      typescript:
        optional: true

  '@rspack/binding-darwin-arm64@1.6.0-beta.1':
    resolution: {integrity: sha512-RXQ97iVXgvQAb/cq265z/txdHOOJ6fQQRBfnn0IfMNk7gT4W2rvsLrOqQpwtMKxYV4N/mfWnycfAVa0OOf22Gg==}
    cpu: [arm64]
    os: [darwin]

  '@rspack/binding-darwin-arm64@1.6.8':
    resolution: {integrity: sha512-e8CTQtzaeGnf+BIzR7wRMUwKfIg0jd/sxMRc1Vd0bCMHBhSN9EsGoMuJJaKeRrSmy2nwMCNWHIG+TvT1CEKg+A==}
    cpu: [arm64]
    os: [darwin]

  '@rspack/binding-darwin-x64@1.6.0-beta.1':
    resolution: {integrity: sha512-Ulb7Jyyvuf28BwPXZKSbglaSK/19b32ItWT+pgswhbFsnfhzAQQd7Jo7TUEvHNHAdVDiES8VFlrnOhOSnwEOLg==}
    cpu: [x64]
    os: [darwin]

  '@rspack/binding-darwin-x64@1.6.8':
    resolution: {integrity: sha512-ku1XpTEPt6Za11zhpFWhfwrTQogcgi9RJrOUVC4FESiPO9aKyd4hJ+JiPgLY0MZOqsptK6vEAgOip+uDVXrCpg==}
    cpu: [x64]
    os: [darwin]

  '@rspack/binding-linux-arm64-gnu@1.6.0-beta.1':
    resolution: {integrity: sha512-UyUoh5RXHTWCktqPVnqoc5rwlWyLkWqGu6ga+iyJHDxdxlrHFfwJnTSnCd4y8cRadf7CrmjHElxE61GU3WCYhw==}
    cpu: [arm64]
    os: [linux]
    libc: [glibc]

  '@rspack/binding-linux-arm64-gnu@1.6.8':
    resolution: {integrity: sha512-fvZX6xZPvBT8qipSpvkKMX5M7yd2BSpZNCZXcefw6gA3uC7LI3gu+er0LrDXY1PtPzVuHTyDx+abwWpagV3PiQ==}
    cpu: [arm64]
    os: [linux]
    libc: [glibc]

  '@rspack/binding-linux-arm64-musl@1.6.0-beta.1':
    resolution: {integrity: sha512-JAXVKHQieN4Ruvs7MstvsPUtRBSAROqJ0abCh4rXdV+FzncKp/ZkdfjQploDhBWtWfU8rPvIjaxeZcPfHMI5/A==}
    cpu: [arm64]
    os: [linux]
    libc: [musl]

  '@rspack/binding-linux-arm64-musl@1.6.8':
    resolution: {integrity: sha512-++XMKcMNrt59HcFBLnRaJcn70k3X0GwkAegZBVpel8xYIAgvoXT5+L8P1ExId/yTFxqedaz8DbcxQnNmMozviw==}
    cpu: [arm64]
    os: [linux]
    libc: [musl]

  '@rspack/binding-linux-x64-gnu@1.6.0-beta.1':
    resolution: {integrity: sha512-LqAos71CJS5/V4knX9T7T68oGz0XPRZ2IJmI3jEByRlNcyZdxYeQ7Dw09JO9Y5Xj0T+0cudOeL2MxHcD3gTF/w==}
    cpu: [x64]
    os: [linux]
    libc: [glibc]

  '@rspack/binding-linux-x64-gnu@1.6.8':
    resolution: {integrity: sha512-tv3BWkTE1TndfX+DsE1rSTg8fBevCxujNZ3MlfZ22Wfy9x1FMXTJlWG8VIOXmaaJ1wUHzv8S7cE2YUUJ2LuiCg==}
    cpu: [x64]
    os: [linux]
    libc: [glibc]

  '@rspack/binding-linux-x64-musl@1.6.0-beta.1':
    resolution: {integrity: sha512-E4dRMzIHYaoYkgmDTFLrgnGtdspbAuVbLfaPF9AWW5YkQn52obGAgbbNb1wi1JJ5f29nTBoLauYCucEO5IGFvA==}
    cpu: [x64]
    os: [linux]
    libc: [musl]

  '@rspack/binding-linux-x64-musl@1.6.8':
    resolution: {integrity: sha512-DCGgZ5/in1O3FjHWqXnDsncRy+48cMhfuUAAUyl0yDj1NpsZu9pP+xfGLvGcQTiYrVl7IH9Aojf1eShP/77WGA==}
    cpu: [x64]
    os: [linux]
    libc: [musl]

  '@rspack/binding-wasm32-wasi@1.6.0-beta.1':
    resolution: {integrity: sha512-PaKEjXOkYprSFlgdgVm/P3pv2E8nAQx9WSGgPmMVIAtxo3Cyz0wwFf0f1Bp9wCw0KkIWgi+9lz8oXNkgKZilug==}
    cpu: [wasm32]

  '@rspack/binding-wasm32-wasi@1.6.8':
    resolution: {integrity: sha512-VUwdhl/lI4m6o1OGCZ9JwtMjTV/yLY5VZTQdEPKb40JMTlmZ5MBlr5xk7ByaXXYHr6I+qnqEm73iMKQvg6iknw==}
    cpu: [wasm32]

  '@rspack/binding-win32-arm64-msvc@1.6.0-beta.1':
    resolution: {integrity: sha512-HWz9Qxrjf3TKLCwiFPJaqw+STvEsBvFYZvBXZ8umIZXqtdfgQP5d91V8JRG4Gg1J6xnGC/KhZexxBuR/y64aBA==}
    cpu: [arm64]
    os: [win32]

  '@rspack/binding-win32-arm64-msvc@1.6.8':
    resolution: {integrity: sha512-23YX7zlOZlub+nPGDBUzktb4D5D6ETUAluKjXEeHIZ9m7fSlEYBnGL66YE+3t1DHXGd0OqsdwlvrNGcyo6EXDQ==}
    cpu: [arm64]
    os: [win32]

  '@rspack/binding-win32-ia32-msvc@1.6.0-beta.1':
    resolution: {integrity: sha512-alAZHRuyPzCH3rJpEC9EBE60EZPnQjzltZ6HN8lsCidACMFTzaLBvuzZyYQah+Zm58O22ok2Eon4BpP1Coizgg==}
    cpu: [ia32]
    os: [win32]

  '@rspack/binding-win32-ia32-msvc@1.6.8':
    resolution: {integrity: sha512-cFgRE3APxrY4AEdooVk2LtipwNNT/9mrnjdC5lVbsIsz+SxvGbZR231bxDJEqP15+RJOaD07FO1sIjINFqXMEg==}
    cpu: [ia32]
    os: [win32]

  '@rspack/binding-win32-x64-msvc@1.6.0-beta.1':
    resolution: {integrity: sha512-/WBzhed0Cu0o9XQ9caGgWwzyNnnPKlENlExa2aGbRCbB14/+CwfhCyETyKlc/ID+dtlV/eHKTC9cckUNI8NpTQ==}
    cpu: [x64]
    os: [win32]

  '@rspack/binding-win32-x64-msvc@1.6.8':
    resolution: {integrity: sha512-cIuhVsZYd3o3Neo1JSAhJYw6BDvlxaBoqvgwRkG1rs0ExFmEmgYyG7ip9pFKnKNWph/tmW3rDYypmEfjs1is7g==}
    cpu: [x64]
    os: [win32]

  '@rspack/binding@1.6.0-beta.1':
    resolution: {integrity: sha512-r3L60ekkDLM5qoRjCMrqsgwU9SQ5e8oA/Omltu/FEEUspIVHawPvAqNZvAXnGB+FoNxM8YgdRRh12PAwXJww0A==}

  '@rspack/binding@1.6.8':
    resolution: {integrity: sha512-lUeL4mbwGo+nqRKqFDCm9vH2jv9FNMVt1X8jqayWRcOCPlj/2UVMEFgqjR7Pp2vlvnTKq//31KbDBJmDZq31RQ==}

  '@rspack/core@1.6.0-beta.1':
    resolution: {integrity: sha512-2ff8XWonPPHyQ6mEWogMspg+Sul3lXZUfNQVrbYSjfNpi8CeDV0/ZtRbHHbAXiy6pz5fvBFL6X+i/ATckjTYBw==}
    engines: {node: '>=18.12.0'}
    peerDependencies:
      '@swc/helpers': '>=0.5.1'
    peerDependenciesMeta:
      '@swc/helpers':
        optional: true

  '@rspack/core@1.6.8':
    resolution: {integrity: sha512-FolcIAH5FW4J2FET+qwjd1kNeFbCkd0VLuIHO0thyolEjaPSxw5qxG67DA7BZGm6PVcoiSgPLks1DL6eZ8c+fA==}
    engines: {node: '>=18.12.0'}
    peerDependencies:
      '@swc/helpers': '>=0.5.1'
    peerDependenciesMeta:
      '@swc/helpers':
        optional: true

  '@rspack/lite-tapable@1.0.1':
    resolution: {integrity: sha512-VynGOEsVw2s8TAlLf/uESfrgfrq2+rcXB1muPJYBWbsm1Oa6r5qVQhjA5ggM6z/coYPrsVMgovl3Ff7Q7OCp1w==}
    engines: {node: '>=16.0.0'}

  '@rspack/lite-tapable@1.1.0':
    resolution: {integrity: sha512-E2B0JhYFmVAwdDiG14+DW0Di4Ze4Jg10Pc4/lILUrd5DRCaklduz2OvJ5HYQ6G+hd+WTzqQb3QnDNfK4yvAFYw==}

  '@rspack/plugin-react-refresh@1.5.3':
    resolution: {integrity: sha512-VOnQMf3YOHkTqJ0+BJbrYga4tQAWNwoAnkgwRauXB4HOyCc5wLfBs9DcOFla/2usnRT3Sq6CMVhXmdPobwAoTA==}
    peerDependencies:
      react-refresh: '>=0.10.0 <1.0.0'
      webpack-hot-middleware: 2.x
    peerDependenciesMeta:
      webpack-hot-middleware:
        optional: true

  '@sec-ant/readable-stream@0.4.1':
    resolution: {integrity: sha512-831qok9r2t8AlxLko40y2ebgSDhenenCatLVeW/uBtnHPyhHOvG0C7TvfgecV+wHzIm5KUICgzmVpWS+IMEAeg==}

  '@sindresorhus/merge-streams@4.0.0':
    resolution: {integrity: sha512-tlqY9xq5ukxTUZBmoOp+m61cqwQD5pHJtFY3Mn8CA8ps6yghLH/Hw8UPdqg4OLmFW3IFlcXnQNmo/dh8HzXYIQ==}
    engines: {node: '>=18'}

  '@swc/helpers@0.5.17':
    resolution: {integrity: sha512-5IKx/Y13RsYd+sauPb2x+U/xZikHjolzfuDgTAl/Tdf3Q8rslRvC19NKDLgAJQ6wsqADk10ntlv08nPFw/gO/A==}

  '@tybys/wasm-util@0.10.1':
    resolution: {integrity: sha512-9tTaPJLSiejZKx+Bmog4uSubteqTvFrVrURwkmHixBo0G4seD0zUxp98E1DzUBJxLQ3NPwXrGKDiVjwx/DpPsg==}

  ansi-regex@5.0.1:
    resolution: {integrity: sha512-quJQXlTSUGL2LH9SUXo8VwsY4soanhgo6LNSm84E1LBcE8s3O0wpdiRzyR9z/ZZJMlMWv37qOOb9pdJlMUEKFQ==}
    engines: {node: '>=8'}

  ansi-regex@6.2.2:
    resolution: {integrity: sha512-Bq3SmSpyFHaWjPk8If9yc6svM8c56dB5BAtW4Qbw5jHTwwXXcTLoRMkpDJp6VL0XzlWaCHTXrkFURMYmD0sLqg==}
    engines: {node: '>=12'}

  ansi-styles@4.3.0:
    resolution: {integrity: sha512-zbB9rCJAT1rbjiVDb2hqKFHNYLxgtk8NURxZ3IZwD3F6NtxbXZQCnnSi1Lkx+IDohdPlFp222wVALIheZJQSEg==}
    engines: {node: '>=8'}

  chalk@5.6.2:
    resolution: {integrity: sha512-7NzBL0rN6fMUW+f7A6Io4h40qQlG+xGmtMxfbnH/K7TAtt8JQWVQK+6g0UXKMeVJoyV5EkkNsErQ8pVD3bLHbA==}
    engines: {node: ^12.17.0 || ^14.13 || >=16.0.0}

  chardet@2.1.1:
    resolution: {integrity: sha512-PsezH1rqdV9VvyNhxxOW32/d75r01NY7TQCmOqomRo15ZSOKbpTFVsfjghxo6JloQUCGnH4k1LGu0R4yCLlWQQ==}

  cli-cursor@5.0.0:
    resolution: {integrity: sha512-aCj4O5wKyszjMmDT4tZj93kxyydN/K5zPWSCe6/0AV/AA1pqe5ZBIw0a2ZfPQV7lL5/yb5HsUreJ6UFAF1tEQw==}
    engines: {node: '>=18'}

  cli-spinners@2.9.2:
    resolution: {integrity: sha512-ywqV+5MmyL4E7ybXgKys4DugZbX0FC6LnwrhjuykIjnK9k8OQacQ7axGKnjDXWNhns0xot3bZI5h55H8yo9cJg==}
    engines: {node: '>=6'}

  cli-width@4.1.0:
    resolution: {integrity: sha512-ouuZd4/dm2Sw5Gmqy6bGyNNNe1qt9RpmxveLSO7KcgsTnU7RXfsw+/bukWGo1abgBiMAic068rclZsO4IWmmxQ==}
    engines: {node: '>= 12'}

  color-convert@2.0.1:
    resolution: {integrity: sha512-RRECPsj7iu/xb5oKYcsFHSppFNnsj/52OVTRKb4zP5onXwVF3zVmmToNcOfGC+CRDpfK/U584fMg38ZHCaElKQ==}
    engines: {node: '>=7.0.0'}

  color-name@1.1.4:
    resolution: {integrity: sha512-dOy+3AuW3a2wNbZHIuMZpTcgjGuLU/uBL/ubcZF9OXbDo8ff4O8yVp5Bf0efS8uEoYo5q4Fx7dY9OgQGXgAsQA==}

  commander@14.0.2:
    resolution: {integrity: sha512-TywoWNNRbhoD0BXs1P3ZEScW8W5iKrnbithIl0YH+uCmBd0QpPOA8yc82DS3BIE5Ma6FnBVUsJ7wVUDz4dvOWQ==}
    engines: {node: '>=20'}

  core-js@3.46.0:
    resolution: {integrity: sha512-vDMm9B0xnqqZ8uSBpZ8sNtRtOdmfShrvT6h2TuQGLs0Is+cR0DYbj/KWP6ALVNbWPpqA/qPLoOuppJN07humpA==}

  core-js@3.47.0:
    resolution: {integrity: sha512-c3Q2VVkGAUyupsjRnaNX6u8Dq2vAdzm9iuPj5FW0fRxzlxgq9Q39MDq10IvmQSpLgHQNyQzQmOo6bgGHmH3NNg==}

  cross-spawn@7.0.6:
    resolution: {integrity: sha512-uV2QOWP2nWzsy2aMp8aRibhi9dlzF5Hgh5SHaB9OiTGEyDTiJJyx0uy51QXdyWbtAHNua4XJzUKca3OzKUd3vA==}
    engines: {node: '>= 8'}

  emoji-regex@10.6.0:
    resolution: {integrity: sha512-toUI84YS5YmxW219erniWD0CIVOo46xGKColeNQRgOzDorgBi1v4D71/OFzgD9GO2UGKIv1C3Sp8DAn0+j5w7A==}

  emoji-regex@8.0.0:
    resolution: {integrity: sha512-MSjYzcWNOA0ewAHpz0MxpYFvwg6yjy1NG3xteoqz644VCo/RPgnr1/GGt+ic3iJTzQ8Eu3TdM14SawnVUmGE6A==}

  error-stack-parser@2.1.4:
    resolution: {integrity: sha512-Sk5V6wVazPhq5MhpO+AUxJn5x7XSXGl1R93Vn7i+zS15KDVxQijejNCrz8340/2bgLBjR9GtEG8ZVKONDjcqGQ==}

  execa@9.6.1:
    resolution: {integrity: sha512-9Be3ZoN4LmYR90tUoVu2te2BsbzHfhJyfEiAVfz7N5/zv+jduIfLrV2xdQXOHbaD6KgpGdO9PRPM1Y4Q9QkPkA==}
    engines: {node: ^18.19.0 || >=20.5.0}

  figures@6.1.0:
    resolution: {integrity: sha512-d+l3qxjSesT4V7v2fh+QnmFnUWv9lSpjarhShNTgBOfA0ttejbQUAlHLitbjkoRiDulW0OPoQPYIGhIC8ohejg==}
    engines: {node: '>=18'}

  fs-extra@11.3.3:
    resolution: {integrity: sha512-VWSRii4t0AFm6ixFFmLLx1t7wS1gh+ckoa84aOeapGum0h+EZd1EhEumSB+ZdDLnEPuucsVB9oB7cxJHap6Afg==}
    engines: {node: '>=14.14'}

  get-east-asian-width@1.4.0:
    resolution: {integrity: sha512-QZjmEOC+IT1uk6Rx0sX22V6uHWVwbdbxf1faPqJ1QhLdGgsRGCZoyaQBm/piRdJy/D2um6hM1UP7ZEeQ4EkP+Q==}
    engines: {node: '>=18'}

  get-stream@9.0.1:
    resolution: {integrity: sha512-kVCxPF3vQM/N0B1PmoqVUqgHP+EeVjmZSQn+1oCRPxd2P21P2F19lIgbR3HBosbB1PUhOAoctJnfEn2GbN2eZA==}
    engines: {node: '>=18'}

  graceful-fs@4.2.11:
    resolution: {integrity: sha512-RbJ5/jmFcNNCcDV5o9eTnBLJ/HszWV0P73bc+Ff4nS/rJj+YaS6IGyiOL0VoBYX+l1Wrl3k63h/KrH+nhJ0XvQ==}

  html-entities@2.6.0:
    resolution: {integrity: sha512-kig+rMn/QOVRvr7c86gQ8lWXq+Hkv6CbAH1hLu+RG338StTpE8Z0b44SDVaqVu7HGKf27frdmUYEs9hTUX/cLQ==}

  human-signals@8.0.1:
    resolution: {integrity: sha512-eKCa6bwnJhvxj14kZk5NCPc6Hb6BdsU9DZcOnmQKSnO1VKrfV0zCvtttPZUsBvjmNDn8rpcJfpwSYnHBjc95MQ==}
    engines: {node: '>=18.18.0'}

  iconv-lite@0.7.1:
    resolution: {integrity: sha512-2Tth85cXwGFHfvRgZWszZSvdo+0Xsqmw8k8ZwxScfcBneNUraK+dxRxRm24nszx80Y0TVio8kKLt5sLE7ZCLlw==}
    engines: {node: '>=0.10.0'}

  inquirer@12.11.1:
    resolution: {integrity: sha512-9VF7mrY+3OmsAfjH3yKz/pLbJ5z22E23hENKw3/LNSaA/sAt3v49bDRY+Ygct1xwuKT+U+cBfTzjCPySna69Qw==}
    engines: {node: '>=18'}
    peerDependencies:
      '@types/node': '>=18'
    peerDependenciesMeta:
      '@types/node':
        optional: true

  is-fullwidth-code-point@3.0.0:
    resolution: {integrity: sha512-zymm5+u+sCsSWyD9qNaejV3DFvhCKclKdizYaJUuHA83RLjb7nSuGnddCHGv0hk+KY7BMAlsWeK4Ueg6EV6XQg==}
    engines: {node: '>=8'}

  is-interactive@2.0.0:
    resolution: {integrity: sha512-qP1vozQRI+BMOPcjFzrjXuQvdak2pHNUMZoeG2eRbiSqyvbEf/wQtEOTOX1guk6E3t36RkaqiSt8A/6YElNxLQ==}
    engines: {node: '>=12'}

  is-plain-obj@4.1.0:
    resolution: {integrity: sha512-+Pgi+vMuUNkJyExiMBt5IlFoMyKnr5zhJ4Uspz58WOhBF5QoIZkFyNHIbBAtHwzVAgk5RtndVNsDRN61/mmDqg==}
    engines: {node: '>=12'}

  is-stream@4.0.1:
    resolution: {integrity: sha512-Dnz92NInDqYckGEUJv689RbRiTSEHCQ7wOVeALbkOz999YpqT46yMRIGtSNl2iCL1waAZSx40+h59NV/EwzV/A==}
    engines: {node: '>=18'}

  is-unicode-supported@1.3.0:
    resolution: {integrity: sha512-43r2mRvz+8JRIKnWJ+3j8JtjRKZ6GmjzfaE/qiBJnikNnYv/6bagRJ1kUhNk8R5EX/GkobD+r+sfxCPJsiKBLQ==}
    engines: {node: '>=12'}

  is-unicode-supported@2.1.0:
    resolution: {integrity: sha512-mE00Gnza5EEB3Ds0HfMyllZzbBrmLOX3vfWoj9A9PEnTfratQ/BcaJOuMhnkhjXvb2+FkY3VuHqtAGpTPmglFQ==}
    engines: {node: '>=18'}

  isexe@2.0.0:
    resolution: {integrity: sha512-RHxMLp9lnKHGHRng9QFhRCMbYAcVpn69smSGcq3f36xjgVVWThj4qqLbTLlq7Ssj8B+fIQ1EuCEGI2lKsyQeIw==}

  jiti@2.6.1:
    resolution: {integrity: sha512-ekilCSN1jwRvIbgeg/57YFh8qQDNbwDb9xT/qu2DAHbFFZUicIl4ygVaAvzveMhMVr3LnpSKTNnwt8PoOfmKhQ==}
    hasBin: true

  jsonfile@6.2.0:
    resolution: {integrity: sha512-FGuPw30AdOIUTRMC2OMRtQV+jkVj2cfPqSeWXv1NEAJ1qZ5zb1X6z1mFhbfOB/iy3ssJCD+3KuZ8r8C3uVFlAg==}

  log-symbols@6.0.0:
    resolution: {integrity: sha512-i24m8rpwhmPIS4zscNzK6MSEhk0DUWa/8iYQWxhffV8jkI4Phvs3F+quL5xvS0gdQR0FyTCMMH33Y78dDTzzIw==}
    engines: {node: '>=18'}

  mimic-function@5.0.1:
    resolution: {integrity: sha512-VP79XUPxV2CigYP3jWwAUFSku2aKqBH7uTAapFWCBqutsbmDo96KY5o8uh6U+/YSIn5OxJnXp73beVkpqMIGhA==}
    engines: {node: '>=18'}

  mute-stream@2.0.0:
    resolution: {integrity: sha512-WWdIxpyjEn+FhQJQQv9aQAYlHoNVdzIzUySNV1gHUPDSdZJ3yZn7pAAbQcV7B56Mvu881q9FZV+0Vx2xC44VWA==}
    engines: {node: ^18.17.0 || >=20.5.0}

  npm-run-path@6.0.0:
    resolution: {integrity: sha512-9qny7Z9DsQU8Ou39ERsPU4OZQlSTP47ShQzuKZ6PRXpYLtIFgl/DEBYEXKlvcEa+9tHVcK8CF81Y2V72qaZhWA==}
    engines: {node: '>=18'}

  onetime@7.0.0:
    resolution: {integrity: sha512-VXJjc87FScF88uafS3JllDgvAm+c/Slfz06lorj2uAY34rlUu0Nt+v8wreiImcrgAjjIHp1rXpTDlLOGw29WwQ==}
    engines: {node: '>=18'}

  ora@8.2.0:
    resolution: {integrity: sha512-weP+BZ8MVNnlCm8c0Qdc1WSWq4Qn7I+9CJGm7Qali6g44e/PUzbjNqJX5NJ9ljlNMosfJvg1fKEGILklK9cwnw==}
    engines: {node: '>=18'}

  parse-ms@4.0.0:
    resolution: {integrity: sha512-TXfryirbmq34y8QBwgqCVLi+8oA3oWx2eAnSn62ITyEhEYaWRlVZ2DvMM9eZbMs/RfxPu/PK/aBLyGj4IrqMHw==}
    engines: {node: '>=18'}

  path-key@3.1.1:
    resolution: {integrity: sha512-ojmeN0qd+y0jszEtoY48r0Peq5dwMEkIlCOu6Q5f41lfkswXuKtYrhgoTpLnyIcHm24Uhqx+5Tqm2InSwLhE6Q==}
    engines: {node: '>=8'}

  path-key@4.0.0:
    resolution: {integrity: sha512-haREypq7xkM7ErfgIyA0z+Bj4AGKlMSdlQE2jvJo6huWD1EdkKYV+G/T4nq0YEF2vgTT8kqMFKo1uHn950r4SQ==}
    engines: {node: '>=12'}

  pretty-ms@9.3.0:
    resolution: {integrity: sha512-gjVS5hOP+M3wMm5nmNOucbIrqudzs9v/57bWRHQWLYklXqoXKrVfYW2W9+glfGsqtPgpiz5WwyEEB+ksXIx3gQ==}
    engines: {node: '>=18'}

  react-refresh@0.18.0:
    resolution: {integrity: sha512-QgT5//D3jfjJb6Gsjxv0Slpj23ip+HtOpnNgnb2S5zU3CB26G/IDPGoy4RJB42wzFE46DRsstbW6tKHoKbhAxw==}
    engines: {node: '>=0.10.0'}

  restore-cursor@5.1.0:
    resolution: {integrity: sha512-oMA2dcrw6u0YfxJQXm342bFKX/E4sG9rbTzO9ptUcR/e8A33cHuvStiYOwH7fszkZlZ1z/ta9AAoPk2F4qIOHA==}
    engines: {node: '>=18'}

  rsbuild-plugin-dts@0.16.1:
    resolution: {integrity: sha512-2/5ihqhc6q42gor9KsS+Kyeqv3hY3wt65tsL7gIRLjjBrlrVeo2MIyTjXcFpJ6hgLslJzm2KITpIDr9nxs30CA==}
    engines: {node: '>=18.12.0'}
    peerDependencies:
      '@microsoft/api-extractor': ^7
      '@rsbuild/core': 1.x
      '@typescript/native-preview': 7.x
      typescript: ^5
    peerDependenciesMeta:
      '@microsoft/api-extractor':
        optional: true
      '@typescript/native-preview':
        optional: true
      typescript:
        optional: true

  run-async@4.0.6:
    resolution: {integrity: sha512-IoDlSLTs3Yq593mb3ZoKWKXMNu3UpObxhgA/Xuid5p4bbfi2jdY1Hj0m1K+0/tEuQTxIGMhQDqGjKb7RuxGpAQ==}
    engines: {node: '>=0.12.0'}

  rxjs@7.8.2:
    resolution: {integrity: sha512-dhKf903U/PQZY6boNNtAGdWbG85WAbjT/1xYoZIC7FAY0yWapOBQVsVrDl58W86//e1VpMNBtRV4MaXfdMySFA==}

  safer-buffer@2.1.2:
    resolution: {integrity: sha512-YZo3K82SD7Riyi0E1EQPojLz7kpepnSQI9IyPbHHg1XXXevb5dJI7tpyN2ADxGcQbHG7vcyRHk0cbwqcQriUtg==}

  shebang-command@2.0.0:
    resolution: {integrity: sha512-kHxr2zZpYtdmrN1qDjrrX/Z1rR1kG8Dx+gkpK1G4eXmvXswmcE1hTWBWYUzlraYw1/yZp6YuDY77YtvbN0dmDA==}
    engines: {node: '>=8'}

  shebang-regex@3.0.0:
    resolution: {integrity: sha512-7++dFhtcx3353uBaq8DDR4NuxBetBzC7ZQOhmTQInHEd6bSrXdiEyzCvG07Z44UYdLShWUyXt5M/yhz8ekcb1A==}
    engines: {node: '>=8'}

  signal-exit@4.1.0:
    resolution: {integrity: sha512-bzyZ1e88w9O1iNJbKnOlvYTrWPDl46O1bG0D3XInv+9tkPrxrN8jUUTiFlDkkmKWgn1M6CfIA13SuGqOa9Korw==}
    engines: {node: '>=14'}

  stackframe@1.3.4:
    resolution: {integrity: sha512-oeVtt7eWQS+Na6F//S4kJ2K2VbRlS9D43mAlMyVpVWovy9o+jfgH8O9agzANzaiLjclA0oYzUXEM4PurhSUChw==}

  stdin-discarder@0.2.2:
    resolution: {integrity: sha512-UhDfHmA92YAlNnCfhmq0VeNL5bDbiZGg7sZ2IvPsXubGkiNa9EC+tUTsjBRsYUAz87btI6/1wf4XoVvQ3uRnmQ==}
    engines: {node: '>=18'}

  string-width@4.2.3:
    resolution: {integrity: sha512-wKyQRQpjJ0sIp62ErSZdGsjMJWsap5oRNihHhu6G7JVO/9jIB6UyevL+tXuOqrng8j/cxKTWyWUwvSTriiZz/g==}
    engines: {node: '>=8'}

  string-width@7.2.0:
    resolution: {integrity: sha512-tsaTIkKW9b4N+AEj+SVA+WhJzV7/zMhcSu78mLKWSk7cXMOSHsBKFWUs0fWwq8QyK3MgJBQRX6Gbi4kYbdvGkQ==}
    engines: {node: '>=18'}

  strip-ansi@6.0.1:
    resolution: {integrity: sha512-Y38VPSHcqkFrCpFnQ9vuSXmquuv5oXOKpGeT6aGrr3o3Gc9AlVa6JBfUSOCnbxGGZF+/0ooI7KrPuUSztUdU5A==}
    engines: {node: '>=8'}

  strip-ansi@7.1.2:
    resolution: {integrity: sha512-gmBGslpoQJtgnMAvOVqGZpEz9dyoKTCzy2nfz/n8aIFhN/jCE/rCmcxabB6jOOHV+0WNnylOxaxBQPSvcWklhA==}
    engines: {node: '>=12'}

  strip-final-newline@4.0.0:
    resolution: {integrity: sha512-aulFJcD6YK8V1G7iRB5tigAP4TsHBZZrOV8pjV++zdUwmeV8uzbY7yn6h9MswN62adStNZFuCIx4haBnRuMDaw==}
    engines: {node: '>=18'}

  tslib@2.8.1:
    resolution: {integrity: sha512-oJFu94HQb+KVduSUQL7wnpmqnfmLsOA/nAh6b6EH0wCEoK0/mPeXU6c3wKDV83MkOuHPRHtSXKKU99IBazS/2w==}

  unicorn-magic@0.3.0:
    resolution: {integrity: sha512-+QBBXBCvifc56fsbuxZQ6Sic3wqqc3WWaqxs58gvJrcOuN83HGTCwz3oS5phzU9LthRNE9VrJCFCLUgHeeFnfA==}
    engines: {node: '>=18'}

  universalify@2.0.1:
    resolution: {integrity: sha512-gptHNQghINnc/vTGIk0SOFGFNXw7JVrlRUtConJRlvaw6DuX0wO5Jeko9sWrMBhh+PsYAZ7oXAiOnf/UKogyiw==}
    engines: {node: '>= 10.0.0'}

  which@2.0.2:
    resolution: {integrity: sha512-BLI3Tl1TW3Pvl70l3yq3Y64i+awpwXqsGBYWkkqMtnbXgrMD+yj7rhW0kuEDxzJaYXGjEW5ogapKNMEKNMjibA==}
    engines: {node: '>= 8'}
    hasBin: true

  wrap-ansi@6.2.0:
    resolution: {integrity: sha512-r6lPcBGxZXlIcymEu7InxDMhdW0KDxpLgoFLcguasxCaJ/SOIZwINatK9KY/tf+ZrlywOKU0UDj3ATXUBfxJXA==}
    engines: {node: '>=8'}

  yoctocolors-cjs@2.1.3:
    resolution: {integrity: sha512-U/PBtDf35ff0D8X8D0jfdzHYEPFxAI7jJlxZXwCSez5M3190m+QobIfh+sWDWSHMCWWJN2AWamkegn6vr6YBTw==}
    engines: {node: '>=18'}

  yoctocolors@2.1.2:
    resolution: {integrity: sha512-CzhO+pFNo8ajLM2d2IW/R93ipy99LWjtwblvC1RsoSUMZgyLbYFr221TnSNT7GjGdYui6P459mw9JH/g/zW2ug==}
    engines: {node: '>=18'}

snapshots:

  '@ast-grep/napi-darwin-arm64@0.37.0':
    optional: true

  '@ast-grep/napi-darwin-x64@0.37.0':
    optional: true

  '@ast-grep/napi-linux-arm64-gnu@0.37.0':
    optional: true

  '@ast-grep/napi-linux-arm64-musl@0.37.0':
    optional: true

  '@ast-grep/napi-linux-x64-gnu@0.37.0':
    optional: true

  '@ast-grep/napi-linux-x64-musl@0.37.0':
    optional: true

  '@ast-grep/napi-win32-arm64-msvc@0.37.0':
    optional: true

  '@ast-grep/napi-win32-ia32-msvc@0.37.0':
    optional: true

  '@ast-grep/napi-win32-x64-msvc@0.37.0':
    optional: true

  '@ast-grep/napi@0.37.0':
    optionalDependencies:
      '@ast-grep/napi-darwin-arm64': 0.37.0
      '@ast-grep/napi-darwin-x64': 0.37.0
      '@ast-grep/napi-linux-arm64-gnu': 0.37.0
      '@ast-grep/napi-linux-arm64-musl': 0.37.0
      '@ast-grep/napi-linux-x64-gnu': 0.37.0
      '@ast-grep/napi-linux-x64-musl': 0.37.0
      '@ast-grep/napi-win32-arm64-msvc': 0.37.0
      '@ast-grep/napi-win32-ia32-msvc': 0.37.0
      '@ast-grep/napi-win32-x64-msvc': 0.37.0

  '@biomejs/biome@2.2.3':
    optionalDependencies:
      '@biomejs/cli-darwin-arm64': 2.2.3
      '@biomejs/cli-darwin-x64': 2.2.3
      '@biomejs/cli-linux-arm64': 2.2.3
      '@biomejs/cli-linux-arm64-musl': 2.2.3
      '@biomejs/cli-linux-x64': 2.2.3
      '@biomejs/cli-linux-x64-musl': 2.2.3
      '@biomejs/cli-win32-arm64': 2.2.3
      '@biomejs/cli-win32-x64': 2.2.3

  '@biomejs/cli-darwin-arm64@2.2.3':
    optional: true

  '@biomejs/cli-darwin-x64@2.2.3':
    optional: true

  '@biomejs/cli-linux-arm64-musl@2.2.3':
    optional: true

  '@biomejs/cli-linux-arm64@2.2.3':
    optional: true

  '@biomejs/cli-linux-x64-musl@2.2.3':
    optional: true

  '@biomejs/cli-linux-x64@2.2.3':
    optional: true

  '@biomejs/cli-win32-arm64@2.2.3':
    optional: true

  '@biomejs/cli-win32-x64@2.2.3':
    optional: true

  '@emnapi/core@1.7.1':
    dependencies:
      '@emnapi/wasi-threads': 1.1.0
      tslib: 2.8.1
    optional: true

  '@emnapi/runtime@1.7.1':
    dependencies:
      tslib: 2.8.1
    optional: true

  '@emnapi/wasi-threads@1.1.0':
    dependencies:
      tslib: 2.8.1
    optional: true

  '@inquirer/ansi@1.0.2': {}

  '@inquirer/checkbox@4.3.2':
    dependencies:
      '@inquirer/ansi': 1.0.2
      '@inquirer/core': 10.3.2
      '@inquirer/figures': 1.0.15
      '@inquirer/type': 3.0.10
      yoctocolors-cjs: 2.1.3

  '@inquirer/confirm@5.1.21':
    dependencies:
      '@inquirer/core': 10.3.2
      '@inquirer/type': 3.0.10

  '@inquirer/core@10.3.2':
    dependencies:
      '@inquirer/ansi': 1.0.2
      '@inquirer/figures': 1.0.15
      '@inquirer/type': 3.0.10
      cli-width: 4.1.0
      mute-stream: 2.0.0
      signal-exit: 4.1.0
      wrap-ansi: 6.2.0
      yoctocolors-cjs: 2.1.3

  '@inquirer/editor@4.2.23':
    dependencies:
      '@inquirer/core': 10.3.2
      '@inquirer/external-editor': 1.0.3
      '@inquirer/type': 3.0.10

  '@inquirer/expand@4.0.23':
    dependencies:
      '@inquirer/core': 10.3.2
      '@inquirer/type': 3.0.10
      yoctocolors-cjs: 2.1.3

  '@inquirer/external-editor@1.0.3':
    dependencies:
      chardet: 2.1.1
      iconv-lite: 0.7.1

  '@inquirer/figures@1.0.15': {}

  '@inquirer/input@4.3.1':
    dependencies:
      '@inquirer/core': 10.3.2
      '@inquirer/type': 3.0.10

  '@inquirer/number@3.0.23':
    dependencies:
      '@inquirer/core': 10.3.2
      '@inquirer/type': 3.0.10

  '@inquirer/password@4.0.23':
    dependencies:
      '@inquirer/ansi': 1.0.2
      '@inquirer/core': 10.3.2
      '@inquirer/type': 3.0.10

  '@inquirer/prompts@7.10.1':
    dependencies:
      '@inquirer/checkbox': 4.3.2
      '@inquirer/confirm': 5.1.21
      '@inquirer/editor': 4.2.23
      '@inquirer/expand': 4.0.23
      '@inquirer/input': 4.3.1
      '@inquirer/number': 3.0.23
      '@inquirer/password': 4.0.23
      '@inquirer/rawlist': 4.1.11
      '@inquirer/search': 3.2.2
      '@inquirer/select': 4.4.2

  '@inquirer/rawlist@4.1.11':
    dependencies:
      '@inquirer/core': 10.3.2
      '@inquirer/type': 3.0.10
      yoctocolors-cjs: 2.1.3

  '@inquirer/search@3.2.2':
    dependencies:
      '@inquirer/core': 10.3.2
      '@inquirer/figures': 1.0.15
      '@inquirer/type': 3.0.10
      yoctocolors-cjs: 2.1.3

  '@inquirer/select@4.4.2':
    dependencies:
      '@inquirer/ansi': 1.0.2
      '@inquirer/core': 10.3.2
      '@inquirer/figures': 1.0.15
      '@inquirer/type': 3.0.10
      yoctocolors-cjs: 2.1.3

  '@inquirer/type@3.0.10': {}

  '@module-federation/error-codes@0.21.1': {}

  '@module-federation/error-codes@0.21.6': {}

  '@module-federation/runtime-core@0.21.1':
    dependencies:
      '@module-federation/error-codes': 0.21.1
      '@module-federation/sdk': 0.21.1

  '@module-federation/runtime-core@0.21.6':
    dependencies:
      '@module-federation/error-codes': 0.21.6
      '@module-federation/sdk': 0.21.6

  '@module-federation/runtime-tools@0.21.1':
    dependencies:
      '@module-federation/runtime': 0.21.1
      '@module-federation/webpack-bundler-runtime': 0.21.1

  '@module-federation/runtime-tools@0.21.6':
    dependencies:
      '@module-federation/runtime': 0.21.6
      '@module-federation/webpack-bundler-runtime': 0.21.6

  '@module-federation/runtime@0.21.1':
    dependencies:
      '@module-federation/error-codes': 0.21.1
      '@module-federation/runtime-core': 0.21.1
      '@module-federation/sdk': 0.21.1

  '@module-federation/runtime@0.21.6':
    dependencies:
      '@module-federation/error-codes': 0.21.6
      '@module-federation/runtime-core': 0.21.6
      '@module-federation/sdk': 0.21.6

  '@module-federation/sdk@0.21.1': {}

  '@module-federation/sdk@0.21.6': {}

  '@module-federation/webpack-bundler-runtime@0.21.1':
    dependencies:
      '@module-federation/runtime': 0.21.1
      '@module-federation/sdk': 0.21.1

  '@module-federation/webpack-bundler-runtime@0.21.6':
    dependencies:
      '@module-federation/runtime': 0.21.6
      '@module-federation/sdk': 0.21.6

  '@napi-rs/wasm-runtime@1.0.7':
    dependencies:
      '@emnapi/core': 1.7.1
      '@emnapi/runtime': 1.7.1
      '@tybys/wasm-util': 0.10.1
    optional: true

  '@rsbuild/core@1.6.0-beta.1':
    dependencies:
      '@rspack/core': 1.6.0-beta.1(@swc/helpers@0.5.17)
      '@rspack/lite-tapable': 1.0.1
      '@swc/helpers': 0.5.17
      core-js: 3.46.0
      jiti: 2.6.1

  '@rsbuild/core@1.6.15':
    dependencies:
      '@rspack/core': 1.6.8(@swc/helpers@0.5.17)
      '@rspack/lite-tapable': 1.1.0
      '@swc/helpers': 0.5.17
      core-js: 3.47.0
      jiti: 2.6.1

  '@rsbuild/plugin-react@1.4.2(@rsbuild/core@1.6.15)':
    dependencies:
      '@rsbuild/core': 1.6.15
      '@rspack/plugin-react-refresh': 1.5.3(react-refresh@0.18.0)
      react-refresh: 0.18.0
    transitivePeerDependencies:
      - webpack-hot-middleware

  '@rslib/core@0.16.1':
    dependencies:
      '@rsbuild/core': 1.6.0-beta.1
      rsbuild-plugin-dts: 0.16.1(@rsbuild/core@1.6.0-beta.1)
    transitivePeerDependencies:
      - '@typescript/native-preview'

  '@rspack/binding-darwin-arm64@1.6.0-beta.1':
    optional: true

  '@rspack/binding-darwin-arm64@1.6.8':
    optional: true

  '@rspack/binding-darwin-x64@1.6.0-beta.1':
    optional: true

  '@rspack/binding-darwin-x64@1.6.8':
    optional: true

  '@rspack/binding-linux-arm64-gnu@1.6.0-beta.1':
    optional: true

  '@rspack/binding-linux-arm64-gnu@1.6.8':
    optional: true

  '@rspack/binding-linux-arm64-musl@1.6.0-beta.1':
    optional: true

  '@rspack/binding-linux-arm64-musl@1.6.8':
    optional: true

  '@rspack/binding-linux-x64-gnu@1.6.0-beta.1':
    optional: true

  '@rspack/binding-linux-x64-gnu@1.6.8':
    optional: true

  '@rspack/binding-linux-x64-musl@1.6.0-beta.1':
    optional: true

  '@rspack/binding-linux-x64-musl@1.6.8':
    optional: true

  '@rspack/binding-wasm32-wasi@1.6.0-beta.1':
    dependencies:
      '@napi-rs/wasm-runtime': 1.0.7
    optional: true

  '@rspack/binding-wasm32-wasi@1.6.8':
    dependencies:
      '@napi-rs/wasm-runtime': 1.0.7
    optional: true

  '@rspack/binding-win32-arm64-msvc@1.6.0-beta.1':
    optional: true

  '@rspack/binding-win32-arm64-msvc@1.6.8':
    optional: true

  '@rspack/binding-win32-ia32-msvc@1.6.0-beta.1':
    optional: true

  '@rspack/binding-win32-ia32-msvc@1.6.8':
    optional: true

  '@rspack/binding-win32-x64-msvc@1.6.0-beta.1':
    optional: true

  '@rspack/binding-win32-x64-msvc@1.6.8':
    optional: true

  '@rspack/binding@1.6.0-beta.1':
    optionalDependencies:
      '@rspack/binding-darwin-arm64': 1.6.0-beta.1
      '@rspack/binding-darwin-x64': 1.6.0-beta.1
      '@rspack/binding-linux-arm64-gnu': 1.6.0-beta.1
      '@rspack/binding-linux-arm64-musl': 1.6.0-beta.1
      '@rspack/binding-linux-x64-gnu': 1.6.0-beta.1
      '@rspack/binding-linux-x64-musl': 1.6.0-beta.1
      '@rspack/binding-wasm32-wasi': 1.6.0-beta.1
      '@rspack/binding-win32-arm64-msvc': 1.6.0-beta.1
      '@rspack/binding-win32-ia32-msvc': 1.6.0-beta.1
      '@rspack/binding-win32-x64-msvc': 1.6.0-beta.1

  '@rspack/binding@1.6.8':
    optionalDependencies:
      '@rspack/binding-darwin-arm64': 1.6.8
      '@rspack/binding-darwin-x64': 1.6.8
      '@rspack/binding-linux-arm64-gnu': 1.6.8
      '@rspack/binding-linux-arm64-musl': 1.6.8
      '@rspack/binding-linux-x64-gnu': 1.6.8
      '@rspack/binding-linux-x64-musl': 1.6.8
      '@rspack/binding-wasm32-wasi': 1.6.8
      '@rspack/binding-win32-arm64-msvc': 1.6.8
      '@rspack/binding-win32-ia32-msvc': 1.6.8
      '@rspack/binding-win32-x64-msvc': 1.6.8

  '@rspack/core@1.6.0-beta.1(@swc/helpers@0.5.17)':
    dependencies:
      '@module-federation/runtime-tools': 0.21.1
      '@rspack/binding': 1.6.0-beta.1
      '@rspack/lite-tapable': 1.0.1
    optionalDependencies:
      '@swc/helpers': 0.5.17

  '@rspack/core@1.6.8(@swc/helpers@0.5.17)':
    dependencies:
      '@module-federation/runtime-tools': 0.21.6
      '@rspack/binding': 1.6.8
      '@rspack/lite-tapable': 1.1.0
    optionalDependencies:
      '@swc/helpers': 0.5.17

  '@rspack/lite-tapable@1.0.1': {}

  '@rspack/lite-tapable@1.1.0': {}

  '@rspack/plugin-react-refresh@1.5.3(react-refresh@0.18.0)':
    dependencies:
      error-stack-parser: 2.1.4
      html-entities: 2.6.0
      react-refresh: 0.18.0

  '@sec-ant/readable-stream@0.4.1': {}

  '@sindresorhus/merge-streams@4.0.0': {}

  '@swc/helpers@0.5.17':
    dependencies:
      tslib: 2.8.1

  '@tybys/wasm-util@0.10.1':
    dependencies:
      tslib: 2.8.1
    optional: true

  ansi-regex@5.0.1: {}

  ansi-regex@6.2.2: {}

  ansi-styles@4.3.0:
    dependencies:
      color-convert: 2.0.1

  chalk@5.6.2: {}

  chardet@2.1.1: {}

  cli-cursor@5.0.0:
    dependencies:
      restore-cursor: 5.1.0

  cli-spinners@2.9.2: {}

  cli-width@4.1.0: {}

  color-convert@2.0.1:
    dependencies:
      color-name: 1.1.4

  color-name@1.1.4: {}

  commander@14.0.2: {}

  core-js@3.46.0: {}

  core-js@3.47.0: {}

  cross-spawn@7.0.6:
    dependencies:
      path-key: 3.1.1
      shebang-command: 2.0.0
      which: 2.0.2

  emoji-regex@10.6.0: {}

  emoji-regex@8.0.0: {}

  error-stack-parser@2.1.4:
    dependencies:
      stackframe: 1.3.4

  execa@9.6.1:
    dependencies:
      '@sindresorhus/merge-streams': 4.0.0
      cross-spawn: 7.0.6
      figures: 6.1.0
      get-stream: 9.0.1
      human-signals: 8.0.1
      is-plain-obj: 4.1.0
      is-stream: 4.0.1
      npm-run-path: 6.0.0
      pretty-ms: 9.3.0
      signal-exit: 4.1.0
      strip-final-newline: 4.0.0
      yoctocolors: 2.1.2

  figures@6.1.0:
    dependencies:
      is-unicode-supported: 2.1.0

  fs-extra@11.3.3:
    dependencies:
      graceful-fs: 4.2.11
      jsonfile: 6.2.0
      universalify: 2.0.1

  get-east-asian-width@1.4.0: {}

  get-stream@9.0.1:
    dependencies:
      '@sec-ant/readable-stream': 0.4.1
      is-stream: 4.0.1

  graceful-fs@4.2.11: {}

  html-entities@2.6.0: {}

  human-signals@8.0.1: {}

  iconv-lite@0.7.1:
    dependencies:
      safer-buffer: 2.1.2

  inquirer@12.11.1:
    dependencies:
      '@inquirer/ansi': 1.0.2
      '@inquirer/core': 10.3.2
      '@inquirer/prompts': 7.10.1
      '@inquirer/type': 3.0.10
      mute-stream: 2.0.0
      run-async: 4.0.6
      rxjs: 7.8.2

  is-fullwidth-code-point@3.0.0: {}

  is-interactive@2.0.0: {}

  is-plain-obj@4.1.0: {}

  is-stream@4.0.1: {}

  is-unicode-supported@1.3.0: {}

  is-unicode-supported@2.1.0: {}

  isexe@2.0.0: {}

  jiti@2.6.1: {}

  jsonfile@6.2.0:
    dependencies:
      universalify: 2.0.1
    optionalDependencies:
      graceful-fs: 4.2.11

  log-symbols@6.0.0:
    dependencies:
      chalk: 5.6.2
      is-unicode-supported: 1.3.0

  mimic-function@5.0.1: {}

  mute-stream@2.0.0: {}

  npm-run-path@6.0.0:
    dependencies:
      path-key: 4.0.0
      unicorn-magic: 0.3.0

  onetime@7.0.0:
    dependencies:
      mimic-function: 5.0.1

  ora@8.2.0:
    dependencies:
      chalk: 5.6.2
      cli-cursor: 5.0.0
      cli-spinners: 2.9.2
      is-interactive: 2.0.0
      is-unicode-supported: 2.1.0
      log-symbols: 6.0.0
      stdin-discarder: 0.2.2
      string-width: 7.2.0
      strip-ansi: 7.1.2

  parse-ms@4.0.0: {}

  path-key@3.1.1: {}

  path-key@4.0.0: {}

  pretty-ms@9.3.0:
    dependencies:
      parse-ms: 4.0.0

  react-refresh@0.18.0: {}

  restore-cursor@5.1.0:
    dependencies:
      onetime: 7.0.0
      signal-exit: 4.1.0

  rsbuild-plugin-dts@0.16.1(@rsbuild/core@1.6.0-beta.1):
    dependencies:
      '@ast-grep/napi': 0.37.0
      '@rsbuild/core': 1.6.0-beta.1

  run-async@4.0.6: {}

  rxjs@7.8.2:
    dependencies:
      tslib: 2.8.1

  safer-buffer@2.1.2: {}

  shebang-command@2.0.0:
    dependencies:
      shebang-regex: 3.0.0

  shebang-regex@3.0.0: {}

  signal-exit@4.1.0: {}

  stackframe@1.3.4: {}

  stdin-discarder@0.2.2: {}

  string-width@4.2.3:
    dependencies:
      emoji-regex: 8.0.0
      is-fullwidth-code-point: 3.0.0
      strip-ansi: 6.0.1

  string-width@7.2.0:
    dependencies:
      emoji-regex: 10.6.0
      get-east-asian-width: 1.4.0
      strip-ansi: 7.1.2

  strip-ansi@6.0.1:
    dependencies:
      ansi-regex: 5.0.1

  strip-ansi@7.1.2:
    dependencies:
      ansi-regex: 6.2.2

  strip-final-newline@4.0.0: {}

  tslib@2.8.1: {}

  unicorn-magic@0.3.0: {}

  universalify@2.0.1: {}

  which@2.0.2:
    dependencies:
      isexe: 2.0.0

  wrap-ansi@6.2.0:
    dependencies:
      ansi-styles: 4.3.0
      string-width: 4.2.3
      strip-ansi: 6.0.1

  yoctocolors-cjs@2.1.3: {}

  yoctocolors@2.1.2: {}
